Microsoft Visual Studio Solution File, Format Version 12.00
# Visual Studio 15
VisualStudioVersion = 15.0.27130.2024
MinimumVisualStudioVersion = 10.0.40219.1
Project("{2150E333-8FDC-42A3-9474-1A3956D46DE8}") = "System.Windows.Forms", "System.Windows.Forms", "{5B6630E6-F1A2-4172-ACA6-ADF7DD1510F0}"
EndProject
Project("{2150E333-8FDC-42A3-9474-1A3956D46DE8}") = "DesignPatterns", "DesignPatterns", "{17BF232B-7ACA-42DC-AAEE-FD40E1D2ECE5}"
EndProject
Project("{2150E333-8FDC-42A3-9474-1A3956D46DE8}") = "System.Drawing", "System.Drawing", "{6E2848F4-83CA-4BC4-BA1C-4DDFD68C5E0B}"
EndProject
Project("{FAE04EC0-301F-11D3-BF4B-00C04F79EFBC}") = "Action", "System\Action\Action.csproj", "{ACC7203C-708B-4C42-A102-8689E17EDCE7}"
EndProject
Project("{2150E333-8FDC-42A3-9474-1A3956D46DE8}") = "System", "System", "{9F6C45F5-C8D7-43E3-A321-B7A0CBC4E8D2}"
EndProject
Project("{FAE04EC0-301F-11D3-BF4B-00C04F79EFBC}") = "Action1", "System\Action1\Action1.csproj", "{B46FA15C-30ED-4BD7-BE8D-1F816CEB921C}"
EndProject
Project("{FAE04EC0-301F-11D3-BF4B-00C04F79EFBC}") = "AggregateEception", "System\AggregateEception\AggregateEception.csproj", "{81C35BD2-C21F-4B52-B2AF-F97F36A4AA86}"
EndProject
Project("{FAE04EC0-301F-11D3-BF4B-00C04F79EFBC}") = "HelloWorld", "System\HelloWorld\HelloWorld.csproj", "{3AD99DCF-8EB6-4083-B0D3-AC440106885F}"
EndProject
Project("{FAE04EC0-301F-11D3-BF4B-00C04F79EFBC}") = "Socket", "System\Socket\Socket.csproj", "{B04D1FD4-2C6D-4A7D-85C8-C044DE0F2D46}"
EndProject
Project("{FAE04EC0-301F-11D3-BF4B-00C04F79EFBC}") = "UdpClient", "System\UdpClient\UdpClient.csproj", "{6AB45ED3-0085-452D-8285-85F1934A0D6B}"
EndProject
Project("{FAE04EC0-301F-11D3-BF4B-00C04F79EFBC}") = "Button", "System.Windows.Forms\Button\Button.csproj", "{3A6FE7D4-4A88-4E28-A9E6-5CF8932BBBC1}"
EndProject
Project("{FAE04EC0-301F-11D3-BF4B-00C04F79EFBC}") = "TrackBar", "System.Windows.Forms\TrackBar\TrackBar.csproj", "{5C76E511-CFDA-4B10-A68E-A69047F34451}"
EndProject
Project("{FAE04EC0-301F-11D3-BF4B-00C04F79EFBC}") = "TimerForm", "System.Windows.Forms\TimerForm\TimerForm.csproj", "{59570EE3-FCC9-45CD-85DE-BD9FF81E8F0D}"
EndProject
Project("{FAE04EC0-301F-11D3-BF4B-00C04F79EFBC}") = "Application", "System.Windows.Forms\Application\Application.csproj", "{0819A499-E608-4F7E-A5D2-F1C3DDC0EF98}"
EndProject
Project("{FAE04EC0-301F-11D3-BF4B-00C04F79EFBC}") = "CheckBox", "System.Windows.Forms\CheckBox\CheckBox.csproj", "{E4AAD556-C337-4DBF-A7FD-987D3636C82A}"
EndProject
Project("{FAE04EC0-301F-11D3-BF4B-00C04F79EFBC}") = "TabControl", "System.Windows.Forms\TabControl\TabControl.csproj", "{698893B1-BE61-45BD-BB4C-6193722B4592}"
EndProject
Project("{FAE04EC0-301F-11D3-BF4B-00C04F79EFBC}") = "GroupBox", "System.Windows.Forms\GroupBox\GroupBox.csproj", "{D112A008-7B3A-4DB5-BA85-4A872F2B8782}"
EndProject
Project("{FAE04EC0-301F-11D3-BF4B-00C04F79EFBC}") = "GroupBoxAndCheckBox", "System.Windows.Forms\GroupBoxAndCheckBox\GroupBoxAndCheckBox.csproj", "{8C63E00E-4795-4A2F-A74B-67E689E76FCD}"
EndProject
Project("{FAE04EC0-301F-11D3-BF4B-00C04F79EFBC}") = "GroupBoxAndRadioButton", "System.Windows.Forms\GroupBoxAndRadioButton\GroupBoxAndRadioButton.csproj", "{386B61FC-C225-4556-B423-FFD5099F947F}"
EndProject
Project("{FAE04EC0-301F-11D3-BF4B-00C04F79EFBC}") = "HelloWorldForm", "System.Windows.Forms\HelloWorldForm\HelloWorldForm.csproj", "{D703929F-8C96-4B51-AF35-566A8007F28D}"
EndProject
Project("{FAE04EC0-301F-11D3-BF4B-00C04F79EFBC}") = "MessageBox", "System.Windows.Forms\MessageBox\MessageBox.csproj", "{9DAFF695-90D1-40C0-B41C-CC79B87D239E}"
EndProject
Project("{FAE04EC0-301F-11D3-BF4B-00C04F79EFBC}") = "Panel", "System.Windows.Forms\Panel\Panel.csproj", "{5263D1B7-F9AB-4B49-8D17-BD231A5F2F9F}"
EndProject
Project("{FAE04EC0-301F-11D3-BF4B-00C04F79EFBC}") = "ProgressBar", "System.Windows.Forms\ProgressBar\ProgressBar.csproj", "{A5A4AEC1-83B0-4478-9F8A-713F1B7B6814}"
EndProject
Project("{FAE04EC0-301F-11D3-BF4B-00C04F79EFBC}") = "FormClick", "System.Windows.Forms\FormClick\FormClick.csproj", "{49E57AD3-0AC9-4CDF-801C-2C09439FC508}"
EndProject
Project("{FAE04EC0-301F-11D3-BF4B-00C04F79EFBC}") = "RadioButton", "System.Windows.Forms\RadioButton\RadioButton.csproj", "{4550B763-FAAD-4EF7-B272-6294592F50EB}"
EndProject
Project("{FAE04EC0-301F-11D3-BF4B-00C04F79EFBC}") = "SomeControls", "System.Windows.Forms\SomeControls\SomeControls.csproj", "{3A468301-D3FA-43D7-800E-3625BFFA9887}"
EndProject
Project("{FAE04EC0-301F-11D3-BF4B-00C04F79EFBC}") = "SystemSound", "System.Windows.Forms\SystemSound\SystemSound.csproj", "{237F0F0B-5AD2-42CF-B0CC-55850064F3A2}"
EndProject
Project("{FAE04EC0-301F-11D3-BF4B-00C04F79EFBC}") = "Action2", "System\Action2\Action2.csproj", "{24AA7BFB-2409-4410-867C-D48A87B3D75D}"
EndProject
Project("{FAE04EC0-301F-11D3-BF4B-00C04F79EFBC}") = "Action3", "System\Action3\Action3.csproj", "{4D23B40C-3287-486D-9182-088DB377C900}"
EndProject
Project("{FAE04EC0-301F-11D3-BF4B-00C04F79EFBC}") = "Cursors", "System.Windows.Forms\Cursors\Cursors.csproj", "{369EEF59-12AF-416C-9841-319E4723E9EE}"
EndProject
Project("{FAE04EC0-301F-11D3-BF4B-00C04F79EFBC}") = "MainMenu", "System.Windows.Forms\MainMenu\MainMenu.csproj", "{AFDBB25E-4A11-411A-9A1F-D98BFCCC737C}"
EndProject
Project("{FAE04EC0-301F-11D3-BF4B-00C04F79EFBC}") = "MainMenuStrip", "System.Windows.Forms\MainMenuStrip\MainMenuStrip.csproj", "{C2C7A27A-0BED-4C76-9168-2C7160B2A0ED}"
EndProject
Project("{FAE04EC0-301F-11D3-BF4B-00C04F79EFBC}") = "WndProc", "System.Windows.Forms\WndProc\WndProc.csproj", "{32BD9AB8-B370-4777-BC6C-EE6993CFB057}"
EndProject
Project("{FAE04EC0-301F-11D3-BF4B-00C04F79EFBC}") = "FormWithAssemblyInfo", "System.Windows.Forms\FormWithAssemblyInfo\FormWithAssemblyInfo.csproj", "{A5CB8973-3364-4F45-9D4C-ADAEDA2997F3}"
EndProject
Project("{FAE04EC0-301F-11D3-BF4B-00C04F79EFBC}") = "HelloWorldPaint", "System.Windows.Forms\HelloWorldPaint\HelloWorldPaint.csproj", "{5DDACA7B-4B78-4FEF-B4C0-A6344633A313}"
EndProject
Project("{FAE04EC0-301F-11D3-BF4B-00C04F79EFBC}") = "Color", "System.Drawing\Color\Color.csproj", "{E160A30B-E1AF-4DF3-A263-A8B7FA65E83E}"
EndProject
Project("{FAE04EC0-301F-11D3-BF4B-00C04F79EFBC}") = "ColoredForms", "System.Windows.Forms\ColoredForms\ColoredForms.csproj", "{01C3A4C7-E247-47C8-87D5-AA80495AEFB4}"
EndProject
Project("{FAE04EC0-301F-11D3-BF4B-00C04F79EFBC}") = "ColoredTabPages", "System.Windows.Forms\ColoredTabPages\ColoredTabPages.csproj", "{4B3E9829-7E30-4912-8835-567B4556F1E6}"
EndProject
Project("{FAE04EC0-301F-11D3-BF4B-00C04F79EFBC}") = "Form", "System.Windows.Forms\Form\Form.csproj", "{022B3644-311E-4ADF-9CAC-5ED750FF0B55}"
EndProject
Project("{FAE04EC0-301F-11D3-BF4B-00C04F79EFBC}") = "PaintEvent", "System.Windows.Forms\PaintEvent\PaintEvent.csproj", "{73508125-A5FF-4158-8583-450FAE052684}"
EndProject
Global
	GlobalSection(SolutionConfigurationPlatforms) = preSolution
		Debug|x86 = Debug|x86
		Release|x86 = Release|x86
	EndGlobalSection
	GlobalSection(ProjectConfigurationPlatforms) = postSolution
		{ACC7203C-708B-4C42-A102-8689E17EDCE7}.Debug|x86.ActiveCfg = Debug|x86
		{ACC7203C-708B-4C42-A102-8689E17EDCE7}.Debug|x86.Build.0 = Debug|x86
		{ACC7203C-708B-4C42-A102-8689E17EDCE7}.Release|x86.ActiveCfg = Release|x86
		{ACC7203C-708B-4C42-A102-8689E17EDCE7}.Release|x86.Build.0 = Release|x86
		{B46FA15C-30ED-4BD7-BE8D-1F816CEB921C}.Debug|x86.ActiveCfg = Debug|x86
		{B46FA15C-30ED-4BD7-BE8D-1F816CEB921C}.Debug|x86.Build.0 = Debug|x86
		{B46FA15C-30ED-4BD7-BE8D-1F816CEB921C}.Release|x86.ActiveCfg = Release|x86
		{B46FA15C-30ED-4BD7-BE8D-1F816CEB921C}.Release|x86.Build.0 = Release|x86
		{81C35BD2-C21F-4B52-B2AF-F97F36A4AA86}.Debug|x86.ActiveCfg = Debug|x86
		{81C35BD2-C21F-4B52-B2AF-F97F36A4AA86}.Debug|x86.Build.0 = Debug|x86
		{81C35BD2-C21F-4B52-B2AF-F97F36A4AA86}.Release|x86.ActiveCfg = Release|x86
		{81C35BD2-C21F-4B52-B2AF-F97F36A4AA86}.Release|x86.Build.0 = Release|x86
		{3AD99DCF-8EB6-4083-B0D3-AC440106885F}.Debug|x86.ActiveCfg = Debug|x86
		{3AD99DCF-8EB6-4083-B0D3-AC440106885F}.Debug|x86.Build.0 = Debug|x86
		{3AD99DCF-8EB6-4083-B0D3-AC440106885F}.Release|x86.ActiveCfg = Release|x86
		{3AD99DCF-8EB6-4083-B0D3-AC440106885F}.Release|x86.Build.0 = Release|x86
		{B04D1FD4-2C6D-4A7D-85C8-C044DE0F2D46}.Debug|x86.ActiveCfg = Debug|x86
		{B04D1FD4-2C6D-4A7D-85C8-C044DE0F2D46}.Debug|x86.Build.0 = Debug|x86
		{B04D1FD4-2C6D-4A7D-85C8-C044DE0F2D46}.Release|x86.ActiveCfg = Release|x86
		{B04D1FD4-2C6D-4A7D-85C8-C044DE0F2D46}.Release|x86.Build.0 = Release|x86
		{6AB45ED3-0085-452D-8285-85F1934A0D6B}.Debug|x86.ActiveCfg = Debug|x86
		{6AB45ED3-0085-452D-8285-85F1934A0D6B}.Debug|x86.Build.0 = Debug|x86
		{6AB45ED3-0085-452D-8285-85F1934A0D6B}.Release|x86.ActiveCfg = Release|x86
		{6AB45ED3-0085-452D-8285-85F1934A0D6B}.Release|x86.Build.0 = Release|x86
		{3A6FE7D4-4A88-4E28-A9E6-5CF8932BBBC1}.Debug|x86.ActiveCfg = Debug|x86
		{3A6FE7D4-4A88-4E28-A9E6-5CF8932BBBC1}.Debug|x86.Build.0 = Debug|x86
		{3A6FE7D4-4A88-4E28-A9E6-5CF8932BBBC1}.Release|x86.ActiveCfg = Release|x86
		{3A6FE7D4-4A88-4E28-A9E6-5CF8932BBBC1}.Release|x86.Build.0 = Release|x86
		{5C76E511-CFDA-4B10-A68E-A69047F34451}.Debug|x86.ActiveCfg = Debug|x86
		{5C76E511-CFDA-4B10-A68E-A69047F34451}.Debug|x86.Build.0 = Debug|x86
		{5C76E511-CFDA-4B10-A68E-A69047F34451}.Release|x86.ActiveCfg = Release|x86
		{5C76E511-CFDA-4B10-A68E-A69047F34451}.Release|x86.Build.0 = Release|x86
		{59570EE3-FCC9-45CD-85DE-BD9FF81E8F0D}.Debug|x86.ActiveCfg = Debug|x86
		{59570EE3-FCC9-45CD-85DE-BD9FF81E8F0D}.Debug|x86.Build.0 = Debug|x86
		{59570EE3-FCC9-45CD-85DE-BD9FF81E8F0D}.Release|x86.ActiveCfg = Release|x86
		{59570EE3-FCC9-45CD-85DE-BD9FF81E8F0D}.Release|x86.Build.0 = Release|x86
		{0819A499-E608-4F7E-A5D2-F1C3DDC0EF98}.Debug|x86.ActiveCfg = Debug|x86
		{0819A499-E608-4F7E-A5D2-F1C3DDC0EF98}.Debug|x86.Build.0 = Debug|x86
		{0819A499-E608-4F7E-A5D2-F1C3DDC0EF98}.Release|x86.ActiveCfg = Release|x86
		{0819A499-E608-4F7E-A5D2-F1C3DDC0EF98}.Release|x86.Build.0 = Release|x86
		{E4AAD556-C337-4DBF-A7FD-987D3636C82A}.Debug|x86.ActiveCfg = Debug|x86
		{E4AAD556-C337-4DBF-A7FD-987D3636C82A}.Debug|x86.Build.0 = Debug|x86
		{E4AAD556-C337-4DBF-A7FD-987D3636C82A}.Release|x86.ActiveCfg = Release|x86
		{E4AAD556-C337-4DBF-A7FD-987D3636C82A}.Release|x86.Build.0 = Release|x86
		{698893B1-BE61-45BD-BB4C-6193722B4592}.Debug|x86.ActiveCfg = Debug|x86
		{698893B1-BE61-45BD-BB4C-6193722B4592}.Debug|x86.Build.0 = Debug|x86
		{698893B1-BE61-45BD-BB4C-6193722B4592}.Release|x86.ActiveCfg = Release|x86
		{698893B1-BE61-45BD-BB4C-6193722B4592}.Release|x86.Build.0 = Release|x86
		{D112A008-7B3A-4DB5-BA85-4A872F2B8782}.Debug|x86.ActiveCfg = Debug|x86
		{D112A008-7B3A-4DB5-BA85-4A872F2B8782}.Debug|x86.Build.0 = Debug|x86
		{D112A008-7B3A-4DB5-BA85-4A872F2B8782}.Release|x86.ActiveCfg = Release|x86
		{D112A008-7B3A-4DB5-BA85-4A872F2B8782}.Release|x86.Build.0 = Release|x86
		{8C63E00E-4795-4A2F-A74B-67E689E76FCD}.Debug|x86.ActiveCfg = Debug|x86
		{8C63E00E-4795-4A2F-A74B-67E689E76FCD}.Debug|x86.Build.0 = Debug|x86
		{8C63E00E-4795-4A2F-A74B-67E689E76FCD}.Release|x86.ActiveCfg = Release|x86
		{8C63E00E-4795-4A2F-A74B-67E689E76FCD}.Release|x86.Build.0 = Release|x86
		{386B61FC-C225-4556-B423-FFD5099F947F}.Debug|x86.ActiveCfg = Debug|x86
		{386B61FC-C225-4556-B423-FFD5099F947F}.Debug|x86.Build.0 = Debug|x86
		{386B61FC-C225-4556-B423-FFD5099F947F}.Release|x86.ActiveCfg = Release|x86
		{386B61FC-C225-4556-B423-FFD5099F947F}.Release|x86.Build.0 = Release|x86
		{D703929F-8C96-4B51-AF35-566A8007F28D}.Debug|x86.ActiveCfg = Debug|x86
		{D703929F-8C96-4B51-AF35-566A8007F28D}.Debug|x86.Build.0 = Debug|x86
		{D703929F-8C96-4B51-AF35-566A8007F28D}.Release|x86.ActiveCfg = Release|x86
		{D703929F-8C96-4B51-AF35-566A8007F28D}.Release|x86.Build.0 = Release|x86
		{9DAFF695-90D1-40C0-B41C-CC79B87D239E}.Debug|x86.ActiveCfg = Debug|x86
		{9DAFF695-90D1-40C0-B41C-CC79B87D239E}.Debug|x86.Build.0 = Debug|x86
		{9DAFF695-90D1-40C0-B41C-CC79B87D239E}.Release|x86.ActiveCfg = Release|x86
		{9DAFF695-90D1-40C0-B41C-CC79B87D239E}.Release|x86.Build.0 = Release|x86
		{5263D1B7-F9AB-4B49-8D17-BD231A5F2F9F}.Debug|x86.ActiveCfg = Debug|x86
		{5263D1B7-F9AB-4B49-8D17-BD231A5F2F9F}.Debug|x86.Build.0 = Debug|x86
		{5263D1B7-F9AB-4B49-8D17-BD231A5F2F9F}.Release|x86.ActiveCfg = Release|x86
		{5263D1B7-F9AB-4B49-8D17-BD231A5F2F9F}.Release|x86.Build.0 = Release|x86
		{A5A4AEC1-83B0-4478-9F8A-713F1B7B6814}.Debug|x86.ActiveCfg = Debug|x86
		{A5A4AEC1-83B0-4478-9F8A-713F1B7B6814}.Debug|x86.Build.0 = Debug|x86
		{A5A4AEC1-83B0-4478-9F8A-713F1B7B6814}.Release|x86.ActiveCfg = Release|x86
		{A5A4AEC1-83B0-4478-9F8A-713F1B7B6814}.Release|x86.Build.0 = Release|x86
		{49E57AD3-0AC9-4CDF-801C-2C09439FC508}.Debug|x86.ActiveCfg = Debug|x86
		{49E57AD3-0AC9-4CDF-801C-2C09439FC508}.Debug|x86.Build.0 = Debug|x86
		{49E57AD3-0AC9-4CDF-801C-2C09439FC508}.Release|x86.ActiveCfg = Release|x86
		{49E57AD3-0AC9-4CDF-801C-2C09439FC508}.Release|x86.Build.0 = Release|x86
		{4550B763-FAAD-4EF7-B272-6294592F50EB}.Debug|x86.ActiveCfg = Debug|x86
		{4550B763-FAAD-4EF7-B272-6294592F50EB}.Debug|x86.Build.0 = Debug|x86
		{4550B763-FAAD-4EF7-B272-6294592F50EB}.Release|x86.ActiveCfg = Release|x86
		{4550B763-FAAD-4EF7-B272-6294592F50EB}.Release|x86.Build.0 = Release|x86
		{3A468301-D3FA-43D7-800E-3625BFFA9887}.Debug|x86.ActiveCfg = Debug|x86
		{3A468301-D3FA-43D7-800E-3625BFFA9887}.Debug|x86.Build.0 = Debug|x86
		{3A468301-D3FA-43D7-800E-3625BFFA9887}.Release|x86.ActiveCfg = Release|x86
		{3A468301-D3FA-43D7-800E-3625BFFA9887}.Release|x86.Build.0 = Release|x86
		{237F0F0B-5AD2-42CF-B0CC-55850064F3A2}.Debug|x86.ActiveCfg = Debug|x86
		{237F0F0B-5AD2-42CF-B0CC-55850064F3A2}.Debug|x86.Build.0 = Debug|x86
		{237F0F0B-5AD2-42CF-B0CC-55850064F3A2}.Release|x86.ActiveCfg = Release|x86
		{237F0F0B-5AD2-42CF-B0CC-55850064F3A2}.Release|x86.Build.0 = Release|x86
		{24AA7BFB-2409-4410-867C-D48A87B3D75D}.Debug|x86.ActiveCfg = Debug|x86
		{24AA7BFB-2409-4410-867C-D48A87B3D75D}.Debug|x86.Build.0 = Debug|x86
		{24AA7BFB-2409-4410-867C-D48A87B3D75D}.Release|x86.ActiveCfg = Release|x86
		{24AA7BFB-2409-4410-867C-D48A87B3D75D}.Release|x86.Build.0 = Release|x86
		{4D23B40C-3287-486D-9182-088DB377C900}.Debug|x86.ActiveCfg = Debug|x86
		{4D23B40C-3287-486D-9182-088DB377C900}.Debug|x86.Build.0 = Debug|x86
		{4D23B40C-3287-486D-9182-088DB377C900}.Release|x86.ActiveCfg = Release|x86
		{4D23B40C-3287-486D-9182-088DB377C900}.Release|x86.Build.0 = Release|x86
		{369EEF59-12AF-416C-9841-319E4723E9EE}.Debug|x86.ActiveCfg = Debug|x86
		{369EEF59-12AF-416C-9841-319E4723E9EE}.Debug|x86.Build.0 = Debug|x86
		{369EEF59-12AF-416C-9841-319E4723E9EE}.Release|x86.ActiveCfg = Release|x86
		{369EEF59-12AF-416C-9841-319E4723E9EE}.Release|x86.Build.0 = Release|x86
		{AFDBB25E-4A11-411A-9A1F-D98BFCCC737C}.Debug|x86.ActiveCfg = Debug|x86
		{AFDBB25E-4A11-411A-9A1F-D98BFCCC737C}.Debug|x86.Build.0 = Debug|x86
		{AFDBB25E-4A11-411A-9A1F-D98BFCCC737C}.Release|x86.ActiveCfg = Release|x86
		{AFDBB25E-4A11-411A-9A1F-D98BFCCC737C}.Release|x86.Build.0 = Release|x86
		{C2C7A27A-0BED-4C76-9168-2C7160B2A0ED}.Debug|x86.ActiveCfg = Debug|x86
		{C2C7A27A-0BED-4C76-9168-2C7160B2A0ED}.Debug|x86.Build.0 = Debug|x86
		{C2C7A27A-0BED-4C76-9168-2C7160B2A0ED}.Release|x86.ActiveCfg = Release|x86
		{C2C7A27A-0BED-4C76-9168-2C7160B2A0ED}.Release|x86.Build.0 = Release|x86
		{32BD9AB8-B370-4777-BC6C-EE6993CFB057}.Debug|x86.ActiveCfg = Debug|x86
		{32BD9AB8-B370-4777-BC6C-EE6993CFB057}.Debug|x86.Build.0 = Debug|x86
		{32BD9AB8-B370-4777-BC6C-EE6993CFB057}.Release|x86.ActiveCfg = Release|x86
		{32BD9AB8-B370-4777-BC6C-EE6993CFB057}.Release|x86.Build.0 = Release|x86
		{A5CB8973-3364-4F45-9D4C-ADAEDA2997F3}.Debug|x86.ActiveCfg = Debug|x86
		{A5CB8973-3364-4F45-9D4C-ADAEDA2997F3}.Debug|x86.Build.0 = Debug|x86
		{A5CB8973-3364-4F45-9D4C-ADAEDA2997F3}.Release|x86.ActiveCfg = Release|x86
		{A5CB8973-3364-4F45-9D4C-ADAEDA2997F3}.Release|x86.Build.0 = Release|x86
		{5DDACA7B-4B78-4FEF-B4C0-A6344633A313}.Debug|x86.ActiveCfg = Debug|x86
		{5DDACA7B-4B78-4FEF-B4C0-A6344633A313}.Debug|x86.Build.0 = Debug|x86
		{5DDACA7B-4B78-4FEF-B4C0-A6344633A313}.Release|x86.ActiveCfg = Release|x86
		{5DDACA7B-4B78-4FEF-B4C0-A6344633A313}.Release|x86.Build.0 = Release|x86
		{E160A30B-E1AF-4DF3-A263-A8B7FA65E83E}.Debug|x86.ActiveCfg = Debug|x86
		{E160A30B-E1AF-4DF3-A263-A8B7FA65E83E}.Debug|x86.Build.0 = Debug|x86
		{E160A30B-E1AF-4DF3-A263-A8B7FA65E83E}.Release|x86.ActiveCfg = Release|x86
		{E160A30B-E1AF-4DF3-A263-A8B7FA65E83E}.Release|x86.Build.0 = Release|x86
		{01C3A4C7-E247-47C8-87D5-AA80495AEFB4}.Debug|x86.ActiveCfg = Debug|x86
		{01C3A4C7-E247-47C8-87D5-AA80495AEFB4}.Debug|x86.Build.0 = Debug|x86
		{01C3A4C7-E247-47C8-87D5-AA80495AEFB4}.Release|x86.ActiveCfg = Release|x86
		{01C3A4C7-E247-47C8-87D5-AA80495AEFB4}.Release|x86.Build.0 = Release|x86
		{4B3E9829-7E30-4912-8835-567B4556F1E6}.Debug|x86.ActiveCfg = Debug|x86
		{4B3E9829-7E30-4912-8835-567B4556F1E6}.Debug|x86.Build.0 = Debug|x86
		{4B3E9829-7E30-4912-8835-567B4556F1E6}.Release|x86.ActiveCfg = Release|x86
		{4B3E9829-7E30-4912-8835-567B4556F1E6}.Release|x86.Build.0 = Release|x86
		{022B3644-311E-4ADF-9CAC-5ED750FF0B55}.Debug|x86.ActiveCfg = Debug|x86
		{022B3644-311E-4ADF-9CAC-5ED750FF0B55}.Debug|x86.Build.0 = Debug|x86
		{022B3644-311E-4ADF-9CAC-5ED750FF0B55}.Release|x86.ActiveCfg = Release|x86
		{022B3644-311E-4ADF-9CAC-5ED750FF0B55}.Release|x86.Build.0 = Release|x86
		{73508125-A5FF-4158-8583-450FAE052684}.Debug|x86.ActiveCfg = Debug|x86
		{73508125-A5FF-4158-8583-450FAE052684}.Debug|x86.Build.0 = Debug|x86
		{73508125-A5FF-4158-8583-450FAE052684}.Release|x86.ActiveCfg = Release|x86
		{73508125-A5FF-4158-8583-450FAE052684}.Release|x86.Build.0 = Release|x86
	EndGlobalSection
	GlobalSection(SolutionProperties) = preSolution
		HideSolutionNode = FALSE
	EndGlobalSection
	GlobalSection(NestedProjects) = preSolution
		{ACC7203C-708B-4C42-A102-8689E17EDCE7} = {9F6C45F5-C8D7-43E3-A321-B7A0CBC4E8D2}
		{B46FA15C-30ED-4BD7-BE8D-1F816CEB921C} = {9F6C45F5-C8D7-43E3-A321-B7A0CBC4E8D2}
		{81C35BD2-C21F-4B52-B2AF-F97F36A4AA86} = {9F6C45F5-C8D7-43E3-A321-B7A0CBC4E8D2}
		{3AD99DCF-8EB6-4083-B0D3-AC440106885F} = {9F6C45F5-C8D7-43E3-A321-B7A0CBC4E8D2}
		{B04D1FD4-2C6D-4A7D-85C8-C044DE0F2D46} = {9F6C45F5-C8D7-43E3-A321-B7A0CBC4E8D2}
		{6AB45ED3-0085-452D-8285-85F1934A0D6B} = {9F6C45F5-C8D7-43E3-A321-B7A0CBC4E8D2}
		{3A6FE7D4-4A88-4E28-A9E6-5CF8932BBBC1} = {5B6630E6-F1A2-4172-ACA6-ADF7DD1510F0}
		{5C76E511-CFDA-4B10-A68E-A69047F34451} = {5B6630E6-F1A2-4172-ACA6-ADF7DD1510F0}
		{59570EE3-FCC9-45CD-85DE-BD9FF81E8F0D} = {5B6630E6-F1A2-4172-ACA6-ADF7DD1510F0}
		{0819A499-E608-4F7E-A5D2-F1C3DDC0EF98} = {5B6630E6-F1A2-4172-ACA6-ADF7DD1510F0}
		{E4AAD556-C337-4DBF-A7FD-987D3636C82A} = {5B6630E6-F1A2-4172-ACA6-ADF7DD1510F0}
		{698893B1-BE61-45BD-BB4C-6193722B4592} = {5B6630E6-F1A2-4172-ACA6-ADF7DD1510F0}
		{D112A008-7B3A-4DB5-BA85-4A872F2B8782} = {5B6630E6-F1A2-4172-ACA6-ADF7DD1510F0}
		{8C63E00E-4795-4A2F-A74B-67E689E76FCD} = {5B6630E6-F1A2-4172-ACA6-ADF7DD1510F0}
		{386B61FC-C225-4556-B423-FFD5099F947F} = {5B6630E6-F1A2-4172-ACA6-ADF7DD1510F0}
		{D703929F-8C96-4B51-AF35-566A8007F28D} = {5B6630E6-F1A2-4172-ACA6-ADF7DD1510F0}
		{9DAFF695-90D1-40C0-B41C-CC79B87D239E} = {5B6630E6-F1A2-4172-ACA6-ADF7DD1510F0}
		{5263D1B7-F9AB-4B49-8D17-BD231A5F2F9F} = {5B6630E6-F1A2-4172-ACA6-ADF7DD1510F0}
		{A5A4AEC1-83B0-4478-9F8A-713F1B7B6814} = {5B6630E6-F1A2-4172-ACA6-ADF7DD1510F0}
		{49E57AD3-0AC9-4CDF-801C-2C09439FC508} = {5B6630E6-F1A2-4172-ACA6-ADF7DD1510F0}
		{4550B763-FAAD-4EF7-B272-6294592F50EB} = {5B6630E6-F1A2-4172-ACA6-ADF7DD1510F0}
		{3A468301-D3FA-43D7-800E-3625BFFA9887} = {5B6630E6-F1A2-4172-ACA6-ADF7DD1510F0}
		{237F0F0B-5AD2-42CF-B0CC-55850064F3A2} = {5B6630E6-F1A2-4172-ACA6-ADF7DD1510F0}
		{24AA7BFB-2409-4410-867C-D48A87B3D75D} = {9F6C45F5-C8D7-43E3-A321-B7A0CBC4E8D2}
		{4D23B40C-3287-486D-9182-088DB377C900} = {9F6C45F5-C8D7-43E3-A321-B7A0CBC4E8D2}
		{369EEF59-12AF-416C-9841-319E4723E9EE} = {5B6630E6-F1A2-4172-ACA6-ADF7DD1510F0}
		{AFDBB25E-4A11-411A-9A1F-D98BFCCC737C} = {5B6630E6-F1A2-4172-ACA6-ADF7DD1510F0}
		{C2C7A27A-0BED-4C76-9168-2C7160B2A0ED} = {5B6630E6-F1A2-4172-ACA6-ADF7DD1510F0}
		{32BD9AB8-B370-4777-BC6C-EE6993CFB057} = {5B6630E6-F1A2-4172-ACA6-ADF7DD1510F0}
		{A5CB8973-3364-4F45-9D4C-ADAEDA2997F3} = {5B6630E6-F1A2-4172-ACA6-ADF7DD1510F0}
		{5DDACA7B-4B78-4FEF-B4C0-A6344633A313} = {5B6630E6-F1A2-4172-ACA6-ADF7DD1510F0}
		{E160A30B-E1AF-4DF3-A263-A8B7FA65E83E} = {6E2848F4-83CA-4BC4-BA1C-4DDFD68C5E0B}
		{01C3A4C7-E247-47C8-87D5-AA80495AEFB4} = {5B6630E6-F1A2-4172-ACA6-ADF7DD1510F0}
		{4B3E9829-7E30-4912-8835-567B4556F1E6} = {5B6630E6-F1A2-4172-ACA6-ADF7DD1510F0}
		{022B3644-311E-4ADF-9CAC-5ED750FF0B55} = {5B6630E6-F1A2-4172-ACA6-ADF7DD1510F0}
		{73508125-A5FF-4158-8583-450FAE052684} = {5B6630E6-F1A2-4172-ACA6-ADF7DD1510F0}
	EndGlobalSection
	GlobalSection(ExtensibilityGlobals) = postSolution
		SolutionGuid = {0222CD68-0450-4733-8A72-82553BC0473F}
	EndGlobalSection
EndGlobal
