Microsoft Visual Studio Solution File, Format Version 12.00
# Visual Studio 15
VisualStudioVersion = 15.0.27130.2024
MinimumVisualStudioVersion = 10.0.40219.1
Project("{2150E333-8FDC-42A3-9474-1A3956D46DE8}") = "System.Windows.Forms", "System.Windows.Forms", "{5B6630E6-F1A2-4172-ACA6-ADF7DD1510F0}"
EndProject
Project("{2150E333-8FDC-42A3-9474-1A3956D46DE8}") = "DesignPatterns", "DesignPatterns", "{17BF232B-7ACA-42DC-AAEE-FD40E1D2ECE5}"
EndProject
Project("{2150E333-8FDC-42A3-9474-1A3956D46DE8}") = "System.Drawing", "System.Drawing", "{6E2848F4-83CA-4BC4-BA1C-4DDFD68C5E0B}"
EndProject
Project("{2150E333-8FDC-42A3-9474-1A3956D46DE8}") = "mscorelib", "mscorelib", "{9F6C45F5-C8D7-43E3-A321-B7A0CBC4E8D2}"
EndProject
Project("{FAE04EC0-301F-11D3-BF4B-00C04F79EFBC}") = "Button", "System.Windows.Forms\Button\Button.csproj", "{3A6FE7D4-4A88-4E28-A9E6-5CF8932BBBC1}"
EndProject
Project("{FAE04EC0-301F-11D3-BF4B-00C04F79EFBC}") = "TrackBar", "System.Windows.Forms\TrackBar\TrackBar.csproj", "{5C76E511-CFDA-4B10-A68E-A69047F34451}"
EndProject
Project("{FAE04EC0-301F-11D3-BF4B-00C04F79EFBC}") = "TimerForm", "System.Windows.Forms\TimerForm\TimerForm.csproj", "{59570EE3-FCC9-45CD-85DE-BD9FF81E8F0D}"
EndProject
Project("{FAE04EC0-301F-11D3-BF4B-00C04F79EFBC}") = "Application", "System.Windows.Forms\Application\Application.csproj", "{0819A499-E608-4F7E-A5D2-F1C3DDC0EF98}"
EndProject
Project("{FAE04EC0-301F-11D3-BF4B-00C04F79EFBC}") = "CheckBox", "System.Windows.Forms\CheckBox\CheckBox.csproj", "{E4AAD556-C337-4DBF-A7FD-987D3636C82A}"
EndProject
Project("{FAE04EC0-301F-11D3-BF4B-00C04F79EFBC}") = "TabControl", "System.Windows.Forms\TabControl\TabControl.csproj", "{698893B1-BE61-45BD-BB4C-6193722B4592}"
EndProject
Project("{FAE04EC0-301F-11D3-BF4B-00C04F79EFBC}") = "GroupBox", "System.Windows.Forms\GroupBox\GroupBox.csproj", "{D112A008-7B3A-4DB5-BA85-4A872F2B8782}"
EndProject
Project("{FAE04EC0-301F-11D3-BF4B-00C04F79EFBC}") = "GroupBoxAndCheckBox", "System.Windows.Forms\GroupBoxAndCheckBox\GroupBoxAndCheckBox.csproj", "{8C63E00E-4795-4A2F-A74B-67E689E76FCD}"
EndProject
Project("{FAE04EC0-301F-11D3-BF4B-00C04F79EFBC}") = "GroupBoxAndRadioButton", "System.Windows.Forms\GroupBoxAndRadioButton\GroupBoxAndRadioButton.csproj", "{386B61FC-C225-4556-B423-FFD5099F947F}"
EndProject
Project("{FAE04EC0-301F-11D3-BF4B-00C04F79EFBC}") = "LocationChangedEvent", "System.Windows.Forms\LocationChangedEvent\LocationChangedEvent.csproj", "{D703929F-8C96-4B51-AF35-566A8007F28D}"
EndProject
Project("{FAE04EC0-301F-11D3-BF4B-00C04F79EFBC}") = "MessageBox", "System.Windows.Forms\MessageBox\MessageBox.csproj", "{9DAFF695-90D1-40C0-B41C-CC79B87D239E}"
EndProject
Project("{FAE04EC0-301F-11D3-BF4B-00C04F79EFBC}") = "Panel", "System.Windows.Forms\Panel\Panel.csproj", "{5263D1B7-F9AB-4B49-8D17-BD231A5F2F9F}"
EndProject
Project("{FAE04EC0-301F-11D3-BF4B-00C04F79EFBC}") = "ProgressBar", "System.Windows.Forms\ProgressBar\ProgressBar.csproj", "{A5A4AEC1-83B0-4478-9F8A-713F1B7B6814}"
EndProject
Project("{FAE04EC0-301F-11D3-BF4B-00C04F79EFBC}") = "FormClick", "System.Windows.Forms\FormClick\FormClick.csproj", "{49E57AD3-0AC9-4CDF-801C-2C09439FC508}"
EndProject
Project("{FAE04EC0-301F-11D3-BF4B-00C04F79EFBC}") = "RadioButton", "System.Windows.Forms\RadioButton\RadioButton.csproj", "{4550B763-FAAD-4EF7-B272-6294592F50EB}"
EndProject
Project("{FAE04EC0-301F-11D3-BF4B-00C04F79EFBC}") = "SomeControls", "System.Windows.Forms\SomeControls\SomeControls.csproj", "{3A468301-D3FA-43D7-800E-3625BFFA9887}"
EndProject
Project("{FAE04EC0-301F-11D3-BF4B-00C04F79EFBC}") = "SystemSound", "System.Windows.Forms\SystemSound\SystemSound.csproj", "{237F0F0B-5AD2-42CF-B0CC-55850064F3A2}"
EndProject
Project("{FAE04EC0-301F-11D3-BF4B-00C04F79EFBC}") = "Cursors", "System.Windows.Forms\Cursors\Cursors.csproj", "{369EEF59-12AF-416C-9841-319E4723E9EE}"
EndProject
Project("{FAE04EC0-301F-11D3-BF4B-00C04F79EFBC}") = "MainMenu", "System.Windows.Forms\MainMenu\MainMenu.csproj", "{AFDBB25E-4A11-411A-9A1F-D98BFCCC737C}"
EndProject
Project("{FAE04EC0-301F-11D3-BF4B-00C04F79EFBC}") = "MainMenuStrip", "System.Windows.Forms\MainMenuStrip\MainMenuStrip.csproj", "{C2C7A27A-0BED-4C76-9168-2C7160B2A0ED}"
EndProject
Project("{FAE04EC0-301F-11D3-BF4B-00C04F79EFBC}") = "WndProc", "System.Windows.Forms\WndProc\WndProc.csproj", "{32BD9AB8-B370-4777-BC6C-EE6993CFB057}"
EndProject
Project("{FAE04EC0-301F-11D3-BF4B-00C04F79EFBC}") = "FormWithAssemblyInfo", "System.Windows.Forms\FormWithAssemblyInfo\FormWithAssemblyInfo.csproj", "{A5CB8973-3364-4F45-9D4C-ADAEDA2997F3}"
EndProject
Project("{FAE04EC0-301F-11D3-BF4B-00C04F79EFBC}") = "HelloWorldPaint", "System.Windows.Forms\HelloWorldPaint\HelloWorldPaint.csproj", "{5DDACA7B-4B78-4FEF-B4C0-A6344633A313}"
EndProject
Project("{FAE04EC0-301F-11D3-BF4B-00C04F79EFBC}") = "Color", "System.Drawing\Color\Color.csproj", "{E160A30B-E1AF-4DF3-A263-A8B7FA65E83E}"
EndProject
Project("{FAE04EC0-301F-11D3-BF4B-00C04F79EFBC}") = "ColoredForms", "System.Windows.Forms\ColoredForms\ColoredForms.csproj", "{01C3A4C7-E247-47C8-87D5-AA80495AEFB4}"
EndProject
Project("{FAE04EC0-301F-11D3-BF4B-00C04F79EFBC}") = "ColoredTabPages", "System.Windows.Forms\ColoredTabPages\ColoredTabPages.csproj", "{4B3E9829-7E30-4912-8835-567B4556F1E6}"
EndProject
Project("{FAE04EC0-301F-11D3-BF4B-00C04F79EFBC}") = "Form", "System.Windows.Forms\Form\Form.csproj", "{022B3644-311E-4ADF-9CAC-5ED750FF0B55}"
EndProject
Project("{FAE04EC0-301F-11D3-BF4B-00C04F79EFBC}") = "PaintEvent", "System.Windows.Forms\PaintEvent\PaintEvent.csproj", "{73508125-A5FF-4158-8583-450FAE052684}"
EndProject
Project("{FAE04EC0-301F-11D3-BF4B-00C04F79EFBC}") = "AbstractFactory", "DesignPatterns\AbstractFactory\AbstractFactory.csproj", "{9A636AA5-5B63-4B02-AE44-25CEC42F7494}"
EndProject
Project("{FAE04EC0-301F-11D3-BF4B-00C04F79EFBC}") = "FolderBrowserDialog", "System.Windows.Forms\FolderBrowserDialog\FolderBrowserDialog.csproj", "{110C7104-C66D-461B-ADD6-C4E10A5EB844}"
EndProject
Project("{FAE04EC0-301F-11D3-BF4B-00C04F79EFBC}") = "FontChangedEvent", "System.Windows.Forms\FontChangedEvent\FontChangedEvent.csproj", "{FAAF20EA-E302-44C2-AE77-13D062BB60EB}"
EndProject
Project("{FAE04EC0-301F-11D3-BF4B-00C04F79EFBC}") = "FontDialog", "System.Windows.Forms\FontDialog\FontDialog.csproj", "{D518CCE0-F7A0-47BE-807D-DAA4B490EC7E}"
EndProject
Project("{FAE04EC0-301F-11D3-BF4B-00C04F79EFBC}") = "HelloWorldForm", "System.Windows.Forms\HelloWorldForm\HelloWorldForm.csproj", "{96F239DA-EEE6-4B8E-92A1-C859DAF1E685}"
EndProject
Project("{FAE04EC0-301F-11D3-BF4B-00C04F79EFBC}") = "HelloWorldMessage", "System.Windows.Forms\HelloWorldMessage\HelloWorldMessage.csproj", "{778359E0-3609-4D07-AC94-768C1C354B19}"
EndProject
Project("{FAE04EC0-301F-11D3-BF4B-00C04F79EFBC}") = "Label", "System.Windows.Forms\Label\Label.csproj", "{26D6ACDD-44DA-4D42-B6C3-09D10CA8B587}"
EndProject
Project("{FAE04EC0-301F-11D3-BF4B-00C04F79EFBC}") = "Line", "System.Windows.Forms\Line\Line.csproj", "{C36C34E6-5A7D-49EC-A253-8AF687974972}"
EndProject
Project("{FAE04EC0-301F-11D3-BF4B-00C04F79EFBC}") = "ProgressBar2", "System.Windows.Forms\ProgressBar2\ProgressBar2.csproj", "{43A00855-E6DE-4811-B886-45FD18F6CA1C}"
EndProject
Project("{2150E333-8FDC-42A3-9474-1A3956D46DE8}") = "Microsoft.VisualStudio.TestTools.UnitTesting", "Microsoft.VisualStudio.TestTools.UnitTesting", "{E585E221-57B4-4EC6-8EA9-57BF483B6E3B}"
EndProject
Project("{FAE04EC0-301F-11D3-BF4B-00C04F79EFBC}") = "Assert", "Microsoft.VisualStudio.TestTools.UnitTesting\Assert\Assert.csproj", "{96FE3767-3AD7-4829-B208-D48B37DEBCC1}"
EndProject
Project("{FAE04EC0-301F-11D3-BF4B-00C04F79EFBC}") = "TestClass", "Microsoft.VisualStudio.TestTools.UnitTesting\TestClass\TestClass.csproj", "{06ED1EF9-ECF2-45CD-846C-20C76623BEF7}"
EndProject
Project("{FAE04EC0-301F-11D3-BF4B-00C04F79EFBC}") = "Button2", "System.Windows.Forms\Button2\Button2.csproj", "{09D00C5C-10B9-4581-8800-348BD226F5A5}"
EndProject
Project("{FAE04EC0-301F-11D3-BF4B-00C04F79EFBC}") = "TextBox", "System.Windows.Forms\TextBox\TextBox.csproj", "{489A3762-7CAA-4310-8F7E-A89BB36DDB24}"
EndProject
Project("{FAE04EC0-301F-11D3-BF4B-00C04F79EFBC}") = "ColorDialog", "System.Windows.Forms\ColorDialog\ColorDialog.csproj", "{88B72345-5421-4980-9EDB-A820CB738000}"
EndProject
Project("{2150E333-8FDC-42A3-9474-1A3956D46DE8}") = "WinformsDemos", "WinformsDemos", "{318E4BEE-B124-4DB4-9351-4F15FB848CD5}"
EndProject
Project("{FAE04EC0-301F-11D3-BF4B-00C04F79EFBC}") = "ButtonAppearance", "WinformsDemos\ButtonAppearance\ButtonAppearance.csproj", "{FE3525F1-0873-4B5F-BC3B-1B53FF6E2677}"
EndProject
Project("{FAE04EC0-301F-11D3-BF4B-00C04F79EFBC}") = "CheckBoxAppearance", "WinformsDemos\CheckBoxAppearance\CheckBoxAppearance.csproj", "{68475721-B892-4353-BDFD-9A0813FA3BD7}"
EndProject
Project("{FAE04EC0-301F-11D3-BF4B-00C04F79EFBC}") = "LabelAppearance", "WinformsDemos\LabelAppearance\LabelAppearance.csproj", "{255E3243-295C-403D-9ABC-42EBBFC281B0}"
EndProject
Project("{FAE04EC0-301F-11D3-BF4B-00C04F79EFBC}") = "ComboBox", "System.Windows.Forms\ComboBox\ComboBox.csproj", "{2EBEB65C-0833-4E4E-A411-717FF7E0F43B}"
EndProject
Project("{2150E333-8FDC-42A3-9474-1A3956D46DE8}") = "System", "System", "{98B89217-E93C-42ED-8523-457E7207AC17}"
EndProject
Project("{FAE04EC0-301F-11D3-BF4B-00C04F79EFBC}") = "Socket", "System\Socket\Socket.csproj", "{B04D1FD4-2C6D-4A7D-85C8-C044DE0F2D46}"
EndProject
Project("{FAE04EC0-301F-11D3-BF4B-00C04F79EFBC}") = "UdpClient", "System\UdpClient\UdpClient.csproj", "{6AB45ED3-0085-452D-8285-85F1934A0D6B}"
EndProject
Project("{FAE04EC0-301F-11D3-BF4B-00C04F79EFBC}") = "Action", "mscorelib\Action\Action.csproj", "{ACC7203C-708B-4C42-A102-8689E17EDCE7}"
EndProject
Project("{FAE04EC0-301F-11D3-BF4B-00C04F79EFBC}") = "Action1", "mscorelib\Action1\Action1.csproj", "{B46FA15C-30ED-4BD7-BE8D-1F816CEB921C}"
EndProject
Project("{FAE04EC0-301F-11D3-BF4B-00C04F79EFBC}") = "Action2", "mscorelib\Action2\Action2.csproj", "{24AA7BFB-2409-4410-867C-D48A87B3D75D}"
EndProject
Project("{FAE04EC0-301F-11D3-BF4B-00C04F79EFBC}") = "Action3", "mscorelib\Action3\Action3.csproj", "{4D23B40C-3287-486D-9182-088DB377C900}"
EndProject
Project("{FAE04EC0-301F-11D3-BF4B-00C04F79EFBC}") = "AggregateException", "mscorelib\AggregateException\AggregateException.csproj", "{140AAFEB-DE2A-4BA1-B809-343D54F13AC0}"
EndProject
Project("{FAE04EC0-301F-11D3-BF4B-00C04F79EFBC}") = "ArgumentException", "mscorelib\ArgumentException\ArgumentException.csproj", "{AADC2F9B-A398-47AE-BAE6-E880447622BE}"
EndProject
Project("{FAE04EC0-301F-11D3-BF4B-00C04F79EFBC}") = "Array1", "mscorelib\Array1\Array1.csproj", "{A6BC6841-A3B7-4930-8933-F168F2BF19BD}"
EndProject
Project("{FAE04EC0-301F-11D3-BF4B-00C04F79EFBC}") = "Array2", "mscorelib\Array2\Array2.csproj", "{EC1884ED-5C94-46CE-B681-0AC6D1271CD1}"
EndProject
Project("{FAE04EC0-301F-11D3-BF4B-00C04F79EFBC}") = "ArrayArrayOperator", "mscorelib\ArrayArrayOperator\ArrayArrayOperator.csproj", "{5D065DFF-9728-4E91-A96F-CA1CBFE7693D}"
EndProject
Project("{FAE04EC0-301F-11D3-BF4B-00C04F79EFBC}") = "ArrayArrayOperator2", "mscorelib\ArrayArrayOperator2\ArrayArrayOperator2.csproj", "{73C788AB-A512-4C4F-BEE2-A13CCEB6C4EF}"
EndProject
Project("{FAE04EC0-301F-11D3-BF4B-00C04F79EFBC}") = "ArrayAsReadOnly", "mscorelib\ArrayAsReadOnly\ArrayAsReadOnly.csproj", "{81C35BD2-C21F-4B52-B2AF-F97F36A4AA86}"
EndProject
Project("{FAE04EC0-301F-11D3-BF4B-00C04F79EFBC}") = "ArrayConstructor", "mscorelib\ArrayConstructor\ArrayConstructor.csproj", "{E9A1AB2A-2BF1-4463-9645-60A42C053886}"
EndProject
Project("{FAE04EC0-301F-11D3-BF4B-00C04F79EFBC}") = "ConsoleBeep", "mscorelib\ConsoleBeep\ConsoleBeep.csproj", "{6E90AE62-0BD8-44D0-85EA-709ABCF9659F}"
EndProject
Project("{FAE04EC0-301F-11D3-BF4B-00C04F79EFBC}") = "ConsoleBeep2", "mscorelib\ConsoleBeep2\ConsoleBeep2.csproj", "{34AA92AB-CF6F-4141-B447-EBEFBCD8BF3E}"
EndProject
Project("{FAE04EC0-301F-11D3-BF4B-00C04F79EFBC}") = "ConsoleColor", "mscorelib\ConsoleColor\ConsoleColor.csproj", "{528D9E7D-1ED7-4B32-B384-8995E48AA2A0}"
EndProject
Project("{FAE04EC0-301F-11D3-BF4B-00C04F79EFBC}") = "HelloWorld", "mscorelib\HelloWorld\HelloWorld.csproj", "{3AD99DCF-8EB6-4083-B0D3-AC440106885F}"
EndProject
Project("{FAE04EC0-301F-11D3-BF4B-00C04F79EFBC}") = "HelloWorld2", "mscorelib\HelloWorld2\HelloWorld2.csproj", "{9609AFFC-EEB0-435D-8821-4EAE7C5C9BA8}"
EndProject
Project("{FAE04EC0-301F-11D3-BF4B-00C04F79EFBC}") = "PictureBox", "System.Windows.Forms\PictureBox\PictureBox.csproj", "{14E41F3D-F049-4F3E-B816-A4C107A9B027}"
EndProject
Project("{FAE04EC0-301F-11D3-BF4B-00C04F79EFBC}") = "Console", "mscorelib\Console\Console.csproj", "{75FD51BE-377B-4731-9D95-BECB5397F49E}"
EndProject
Project("{FAE04EC0-301F-11D3-BF4B-00C04F79EFBC}") = "ConsoleBackColor", "mscorelib\ConsoleBackColor\ConsoleBackColor.csproj", "{82A5F4DA-6235-4746-BB5F-703B90BCEDEC}"
EndProject
Project("{FAE04EC0-301F-11D3-BF4B-00C04F79EFBC}") = "ConsoleUnicode", "mscorelib\ConsoleUnicode\ConsoleUnicode.csproj", "{EF503896-7A0A-4794-8C4B-39420C545EA6}"
EndProject
Project("{2150E333-8FDC-42A3-9474-1A3956D46DE8}") = "Tests", "Tests", "{96EA054A-BB15-43CB-B839-329607708764}"
EndProject
Project("{FAE04EC0-301F-11D3-BF4B-00C04F79EFBC}") = "TestConsole", "Tests\TestConsole\TestConsole.csproj", "{491DC8BF-8A58-43CC-9C3D-C83194601D02}"
EndProject
Project("{FAE04EC0-301F-11D3-BF4B-00C04F79EFBC}") = "PictureBox2", "System.Windows.Forms\PictureBox2\PictureBox2.csproj", "{4A60A2A7-4F38-4336-A425-12B7DA5468DC}"
EndProject
Project("{FAE04EC0-301F-11D3-BF4B-00C04F79EFBC}") = "Png", "System.Drawing\Png\Png.csproj", "{ADDD1DBE-41E1-4441-AD9F-6503AECCDB91}"
EndProject
Project("{FAE04EC0-301F-11D3-BF4B-00C04F79EFBC}") = "Bmp", "System.Drawing\Bmp\Bmp.csproj", "{B18021F5-C7AE-424F-8BD4-2AD24D4D067E}"
EndProject
Project("{FAE04EC0-301F-11D3-BF4B-00C04F79EFBC}") = "CheckedListBox", "System.Windows.Forms\CheckedListBox\CheckedListBox.csproj", "{14E688AC-6ADB-4C3C-A735-41A8F2F6BB40}"
EndProject
Project("{FAE04EC0-301F-11D3-BF4B-00C04F79EFBC}") = "DateTimePicker", "System.Windows.Forms\DateTimePicker\DateTimePicker.csproj", "{1C89CE24-6D7F-418A-B36D-BF9C834AB366}"
EndProject
Project("{FAE04EC0-301F-11D3-BF4B-00C04F79EFBC}") = "DomainUpDown", "System.Windows.Forms\DomainUpDown\DomainUpDown.csproj", "{9CFD2A32-96B7-4A9A-82BA-B11B2D71A9F7}"
EndProject
Project("{FAE04EC0-301F-11D3-BF4B-00C04F79EFBC}") = "HScrollBar", "System.Windows.Forms\HScrollBar\HScrollBar.csproj", "{81184FD9-6C00-42FA-83F0-B32E3C720AAF}"
EndProject
Project("{FAE04EC0-301F-11D3-BF4B-00C04F79EFBC}") = "VScrollBar", "System.Windows.Forms\VScrollBar\VScrollBar.csproj", "{F85150F4-E280-4CF9-BC69-BC28E9E1B742}"
EndProject
Project("{FAE04EC0-301F-11D3-BF4B-00C04F79EFBC}") = "LinkLabel", "System.Windows.Forms\LinkLabel\LinkLabel.csproj", "{A37BC05D-B1E9-48E2-8FC4-5F36B36F4700}"
EndProject
Project("{FAE04EC0-301F-11D3-BF4B-00C04F79EFBC}") = "ListBox", "System.Windows.Forms\ListBox\ListBox.csproj", "{EFD24527-7DA2-4E4D-B9DD-DD0D37BC681E}"
EndProject
Project("{FAE04EC0-301F-11D3-BF4B-00C04F79EFBC}") = "Colors", "System.Windows.Forms\Colors\Colors.csproj", "{6039F17C-E5B6-4CDE-BEF2-B1E21A3D7CFF}"
EndProject
Project("{FAE04EC0-301F-11D3-BF4B-00C04F79EFBC}") = "Yield", "mscorelib\Yield\Yield.csproj", "{69DB95DC-ACBF-4167-9530-6D758312641A}"
EndProject
Project("{FAE04EC0-301F-11D3-BF4B-00C04F79EFBC}") = "Picture", "System.Windows.Forms\Picture\Picture.csproj", "{2DAD203C-9C9B-43B4-A64C-CB18EB1CFBB7}"
EndProject
Project("{FAE04EC0-301F-11D3-BF4B-00C04F79EFBC}") = "ApplicationIdle", "System.Windows.Forms\ApplicationIdle\ApplicationIdle.csproj", "{281E0D1B-E11F-4909-B1BF-6829F032670A}"
EndProject
Project("{FAE04EC0-301F-11D3-BF4B-00C04F79EFBC}") = "SamplesEncoding", "mscorelib\SamplesEncoding\SamplesEncoding.csproj", "{11D23C90-3052-4607-80B0-51FF0BBEA887}"
EndProject
Project("{FAE04EC0-301F-11D3-BF4B-00C04F79EFBC}") = "Resources", "System.Windows.Forms\Resources\Resources.csproj", "{32B7C5E7-E485-4655-82F5-0DEED09AA3A2}"
EndProject
Project("{FAE04EC0-301F-11D3-BF4B-00C04F79EFBC}") = "Settings", "System.Windows.Forms\Settings\Settings.csproj", "{7534F871-A48C-4C05-9CD3-1AFC9308086F}"
EndProject
Global
	GlobalSection(SolutionConfigurationPlatforms) = preSolution
		Debug|Any CPU = Debug|Any CPU
		Debug|x86 = Debug|x86
		Release|Any CPU = Release|Any CPU
		Release|x86 = Release|x86
	EndGlobalSection
	GlobalSection(ProjectConfigurationPlatforms) = postSolution
		{3A6FE7D4-4A88-4E28-A9E6-5CF8932BBBC1}.Debug|Any CPU.ActiveCfg = Debug|x86
		{3A6FE7D4-4A88-4E28-A9E6-5CF8932BBBC1}.Debug|x86.ActiveCfg = Debug|x86
		{3A6FE7D4-4A88-4E28-A9E6-5CF8932BBBC1}.Debug|x86.Build.0 = Debug|x86
		{3A6FE7D4-4A88-4E28-A9E6-5CF8932BBBC1}.Release|Any CPU.ActiveCfg = Release|x86
		{3A6FE7D4-4A88-4E28-A9E6-5CF8932BBBC1}.Release|x86.ActiveCfg = Release|x86
		{3A6FE7D4-4A88-4E28-A9E6-5CF8932BBBC1}.Release|x86.Build.0 = Release|x86
		{5C76E511-CFDA-4B10-A68E-A69047F34451}.Debug|Any CPU.ActiveCfg = Debug|x86
		{5C76E511-CFDA-4B10-A68E-A69047F34451}.Debug|x86.ActiveCfg = Debug|x86
		{5C76E511-CFDA-4B10-A68E-A69047F34451}.Debug|x86.Build.0 = Debug|x86
		{5C76E511-CFDA-4B10-A68E-A69047F34451}.Release|Any CPU.ActiveCfg = Release|x86
		{5C76E511-CFDA-4B10-A68E-A69047F34451}.Release|x86.ActiveCfg = Release|x86
		{5C76E511-CFDA-4B10-A68E-A69047F34451}.Release|x86.Build.0 = Release|x86
		{59570EE3-FCC9-45CD-85DE-BD9FF81E8F0D}.Debug|Any CPU.ActiveCfg = Debug|x86
		{59570EE3-FCC9-45CD-85DE-BD9FF81E8F0D}.Debug|x86.ActiveCfg = Debug|x86
		{59570EE3-FCC9-45CD-85DE-BD9FF81E8F0D}.Debug|x86.Build.0 = Debug|x86
		{59570EE3-FCC9-45CD-85DE-BD9FF81E8F0D}.Release|Any CPU.ActiveCfg = Release|x86
		{59570EE3-FCC9-45CD-85DE-BD9FF81E8F0D}.Release|x86.ActiveCfg = Release|x86
		{59570EE3-FCC9-45CD-85DE-BD9FF81E8F0D}.Release|x86.Build.0 = Release|x86
		{0819A499-E608-4F7E-A5D2-F1C3DDC0EF98}.Debug|Any CPU.ActiveCfg = Debug|x86
		{0819A499-E608-4F7E-A5D2-F1C3DDC0EF98}.Debug|x86.ActiveCfg = Debug|x86
		{0819A499-E608-4F7E-A5D2-F1C3DDC0EF98}.Debug|x86.Build.0 = Debug|x86
		{0819A499-E608-4F7E-A5D2-F1C3DDC0EF98}.Release|Any CPU.ActiveCfg = Release|x86
		{0819A499-E608-4F7E-A5D2-F1C3DDC0EF98}.Release|x86.ActiveCfg = Release|x86
		{0819A499-E608-4F7E-A5D2-F1C3DDC0EF98}.Release|x86.Build.0 = Release|x86
		{E4AAD556-C337-4DBF-A7FD-987D3636C82A}.Debug|Any CPU.ActiveCfg = Debug|x86
		{E4AAD556-C337-4DBF-A7FD-987D3636C82A}.Debug|x86.ActiveCfg = Debug|x86
		{E4AAD556-C337-4DBF-A7FD-987D3636C82A}.Debug|x86.Build.0 = Debug|x86
		{E4AAD556-C337-4DBF-A7FD-987D3636C82A}.Release|Any CPU.ActiveCfg = Release|x86
		{E4AAD556-C337-4DBF-A7FD-987D3636C82A}.Release|x86.ActiveCfg = Release|x86
		{E4AAD556-C337-4DBF-A7FD-987D3636C82A}.Release|x86.Build.0 = Release|x86
		{698893B1-BE61-45BD-BB4C-6193722B4592}.Debug|Any CPU.ActiveCfg = Debug|x86
		{698893B1-BE61-45BD-BB4C-6193722B4592}.Debug|x86.ActiveCfg = Debug|x86
		{698893B1-BE61-45BD-BB4C-6193722B4592}.Debug|x86.Build.0 = Debug|x86
		{698893B1-BE61-45BD-BB4C-6193722B4592}.Release|Any CPU.ActiveCfg = Release|x86
		{698893B1-BE61-45BD-BB4C-6193722B4592}.Release|x86.ActiveCfg = Release|x86
		{698893B1-BE61-45BD-BB4C-6193722B4592}.Release|x86.Build.0 = Release|x86
		{D112A008-7B3A-4DB5-BA85-4A872F2B8782}.Debug|Any CPU.ActiveCfg = Debug|x86
		{D112A008-7B3A-4DB5-BA85-4A872F2B8782}.Debug|x86.ActiveCfg = Debug|x86
		{D112A008-7B3A-4DB5-BA85-4A872F2B8782}.Debug|x86.Build.0 = Debug|x86
		{D112A008-7B3A-4DB5-BA85-4A872F2B8782}.Release|Any CPU.ActiveCfg = Release|x86
		{D112A008-7B3A-4DB5-BA85-4A872F2B8782}.Release|x86.ActiveCfg = Release|x86
		{D112A008-7B3A-4DB5-BA85-4A872F2B8782}.Release|x86.Build.0 = Release|x86
		{8C63E00E-4795-4A2F-A74B-67E689E76FCD}.Debug|Any CPU.ActiveCfg = Debug|x86
		{8C63E00E-4795-4A2F-A74B-67E689E76FCD}.Debug|x86.ActiveCfg = Debug|x86
		{8C63E00E-4795-4A2F-A74B-67E689E76FCD}.Debug|x86.Build.0 = Debug|x86
		{8C63E00E-4795-4A2F-A74B-67E689E76FCD}.Release|Any CPU.ActiveCfg = Release|x86
		{8C63E00E-4795-4A2F-A74B-67E689E76FCD}.Release|x86.ActiveCfg = Release|x86
		{8C63E00E-4795-4A2F-A74B-67E689E76FCD}.Release|x86.Build.0 = Release|x86
		{386B61FC-C225-4556-B423-FFD5099F947F}.Debug|Any CPU.ActiveCfg = Debug|x86
		{386B61FC-C225-4556-B423-FFD5099F947F}.Debug|x86.ActiveCfg = Debug|x86
		{386B61FC-C225-4556-B423-FFD5099F947F}.Debug|x86.Build.0 = Debug|x86
		{386B61FC-C225-4556-B423-FFD5099F947F}.Release|Any CPU.ActiveCfg = Release|x86
		{386B61FC-C225-4556-B423-FFD5099F947F}.Release|x86.ActiveCfg = Release|x86
		{386B61FC-C225-4556-B423-FFD5099F947F}.Release|x86.Build.0 = Release|x86
		{D703929F-8C96-4B51-AF35-566A8007F28D}.Debug|Any CPU.ActiveCfg = Debug|x86
		{D703929F-8C96-4B51-AF35-566A8007F28D}.Debug|x86.ActiveCfg = Debug|x86
		{D703929F-8C96-4B51-AF35-566A8007F28D}.Debug|x86.Build.0 = Debug|x86
		{D703929F-8C96-4B51-AF35-566A8007F28D}.Release|Any CPU.ActiveCfg = Release|x86
		{D703929F-8C96-4B51-AF35-566A8007F28D}.Release|x86.ActiveCfg = Release|x86
		{D703929F-8C96-4B51-AF35-566A8007F28D}.Release|x86.Build.0 = Release|x86
		{9DAFF695-90D1-40C0-B41C-CC79B87D239E}.Debug|Any CPU.ActiveCfg = Debug|x86
		{9DAFF695-90D1-40C0-B41C-CC79B87D239E}.Debug|x86.ActiveCfg = Debug|x86
		{9DAFF695-90D1-40C0-B41C-CC79B87D239E}.Debug|x86.Build.0 = Debug|x86
		{9DAFF695-90D1-40C0-B41C-CC79B87D239E}.Release|Any CPU.ActiveCfg = Release|x86
		{9DAFF695-90D1-40C0-B41C-CC79B87D239E}.Release|x86.ActiveCfg = Release|x86
		{9DAFF695-90D1-40C0-B41C-CC79B87D239E}.Release|x86.Build.0 = Release|x86
		{5263D1B7-F9AB-4B49-8D17-BD231A5F2F9F}.Debug|Any CPU.ActiveCfg = Debug|x86
		{5263D1B7-F9AB-4B49-8D17-BD231A5F2F9F}.Debug|x86.ActiveCfg = Debug|x86
		{5263D1B7-F9AB-4B49-8D17-BD231A5F2F9F}.Debug|x86.Build.0 = Debug|x86
		{5263D1B7-F9AB-4B49-8D17-BD231A5F2F9F}.Release|Any CPU.ActiveCfg = Release|x86
		{5263D1B7-F9AB-4B49-8D17-BD231A5F2F9F}.Release|x86.ActiveCfg = Release|x86
		{5263D1B7-F9AB-4B49-8D17-BD231A5F2F9F}.Release|x86.Build.0 = Release|x86
		{A5A4AEC1-83B0-4478-9F8A-713F1B7B6814}.Debug|Any CPU.ActiveCfg = Debug|x86
		{A5A4AEC1-83B0-4478-9F8A-713F1B7B6814}.Debug|x86.ActiveCfg = Debug|x86
		{A5A4AEC1-83B0-4478-9F8A-713F1B7B6814}.Debug|x86.Build.0 = Debug|x86
		{A5A4AEC1-83B0-4478-9F8A-713F1B7B6814}.Release|Any CPU.ActiveCfg = Release|x86
		{A5A4AEC1-83B0-4478-9F8A-713F1B7B6814}.Release|x86.ActiveCfg = Release|x86
		{A5A4AEC1-83B0-4478-9F8A-713F1B7B6814}.Release|x86.Build.0 = Release|x86
		{49E57AD3-0AC9-4CDF-801C-2C09439FC508}.Debug|Any CPU.ActiveCfg = Debug|x86
		{49E57AD3-0AC9-4CDF-801C-2C09439FC508}.Debug|x86.ActiveCfg = Debug|x86
		{49E57AD3-0AC9-4CDF-801C-2C09439FC508}.Debug|x86.Build.0 = Debug|x86
		{49E57AD3-0AC9-4CDF-801C-2C09439FC508}.Release|Any CPU.ActiveCfg = Release|x86
		{49E57AD3-0AC9-4CDF-801C-2C09439FC508}.Release|x86.ActiveCfg = Release|x86
		{49E57AD3-0AC9-4CDF-801C-2C09439FC508}.Release|x86.Build.0 = Release|x86
		{4550B763-FAAD-4EF7-B272-6294592F50EB}.Debug|Any CPU.ActiveCfg = Debug|x86
		{4550B763-FAAD-4EF7-B272-6294592F50EB}.Debug|x86.ActiveCfg = Debug|x86
		{4550B763-FAAD-4EF7-B272-6294592F50EB}.Debug|x86.Build.0 = Debug|x86
		{4550B763-FAAD-4EF7-B272-6294592F50EB}.Release|Any CPU.ActiveCfg = Release|x86
		{4550B763-FAAD-4EF7-B272-6294592F50EB}.Release|x86.ActiveCfg = Release|x86
		{4550B763-FAAD-4EF7-B272-6294592F50EB}.Release|x86.Build.0 = Release|x86
		{3A468301-D3FA-43D7-800E-3625BFFA9887}.Debug|Any CPU.ActiveCfg = Debug|x86
		{3A468301-D3FA-43D7-800E-3625BFFA9887}.Debug|x86.ActiveCfg = Debug|x86
		{3A468301-D3FA-43D7-800E-3625BFFA9887}.Debug|x86.Build.0 = Debug|x86
		{3A468301-D3FA-43D7-800E-3625BFFA9887}.Release|Any CPU.ActiveCfg = Release|x86
		{3A468301-D3FA-43D7-800E-3625BFFA9887}.Release|x86.ActiveCfg = Release|x86
		{3A468301-D3FA-43D7-800E-3625BFFA9887}.Release|x86.Build.0 = Release|x86
		{237F0F0B-5AD2-42CF-B0CC-55850064F3A2}.Debug|Any CPU.ActiveCfg = Debug|x86
		{237F0F0B-5AD2-42CF-B0CC-55850064F3A2}.Debug|x86.ActiveCfg = Debug|x86
		{237F0F0B-5AD2-42CF-B0CC-55850064F3A2}.Debug|x86.Build.0 = Debug|x86
		{237F0F0B-5AD2-42CF-B0CC-55850064F3A2}.Release|Any CPU.ActiveCfg = Release|x86
		{237F0F0B-5AD2-42CF-B0CC-55850064F3A2}.Release|x86.ActiveCfg = Release|x86
		{237F0F0B-5AD2-42CF-B0CC-55850064F3A2}.Release|x86.Build.0 = Release|x86
		{369EEF59-12AF-416C-9841-319E4723E9EE}.Debug|Any CPU.ActiveCfg = Debug|x86
		{369EEF59-12AF-416C-9841-319E4723E9EE}.Debug|x86.ActiveCfg = Debug|x86
		{369EEF59-12AF-416C-9841-319E4723E9EE}.Debug|x86.Build.0 = Debug|x86
		{369EEF59-12AF-416C-9841-319E4723E9EE}.Release|Any CPU.ActiveCfg = Release|x86
		{369EEF59-12AF-416C-9841-319E4723E9EE}.Release|x86.ActiveCfg = Release|x86
		{369EEF59-12AF-416C-9841-319E4723E9EE}.Release|x86.Build.0 = Release|x86
		{AFDBB25E-4A11-411A-9A1F-D98BFCCC737C}.Debug|Any CPU.ActiveCfg = Debug|x86
		{AFDBB25E-4A11-411A-9A1F-D98BFCCC737C}.Debug|x86.ActiveCfg = Debug|x86
		{AFDBB25E-4A11-411A-9A1F-D98BFCCC737C}.Debug|x86.Build.0 = Debug|x86
		{AFDBB25E-4A11-411A-9A1F-D98BFCCC737C}.Release|Any CPU.ActiveCfg = Release|x86
		{AFDBB25E-4A11-411A-9A1F-D98BFCCC737C}.Release|x86.ActiveCfg = Release|x86
		{AFDBB25E-4A11-411A-9A1F-D98BFCCC737C}.Release|x86.Build.0 = Release|x86
		{C2C7A27A-0BED-4C76-9168-2C7160B2A0ED}.Debug|Any CPU.ActiveCfg = Debug|x86
		{C2C7A27A-0BED-4C76-9168-2C7160B2A0ED}.Debug|x86.ActiveCfg = Debug|x86
		{C2C7A27A-0BED-4C76-9168-2C7160B2A0ED}.Debug|x86.Build.0 = Debug|x86
		{C2C7A27A-0BED-4C76-9168-2C7160B2A0ED}.Release|Any CPU.ActiveCfg = Release|x86
		{C2C7A27A-0BED-4C76-9168-2C7160B2A0ED}.Release|x86.ActiveCfg = Release|x86
		{C2C7A27A-0BED-4C76-9168-2C7160B2A0ED}.Release|x86.Build.0 = Release|x86
		{32BD9AB8-B370-4777-BC6C-EE6993CFB057}.Debug|Any CPU.ActiveCfg = Debug|x86
		{32BD9AB8-B370-4777-BC6C-EE6993CFB057}.Debug|x86.ActiveCfg = Debug|x86
		{32BD9AB8-B370-4777-BC6C-EE6993CFB057}.Debug|x86.Build.0 = Debug|x86
		{32BD9AB8-B370-4777-BC6C-EE6993CFB057}.Release|Any CPU.ActiveCfg = Release|x86
		{32BD9AB8-B370-4777-BC6C-EE6993CFB057}.Release|x86.ActiveCfg = Release|x86
		{32BD9AB8-B370-4777-BC6C-EE6993CFB057}.Release|x86.Build.0 = Release|x86
		{A5CB8973-3364-4F45-9D4C-ADAEDA2997F3}.Debug|Any CPU.ActiveCfg = Debug|x86
		{A5CB8973-3364-4F45-9D4C-ADAEDA2997F3}.Debug|x86.ActiveCfg = Debug|x86
		{A5CB8973-3364-4F45-9D4C-ADAEDA2997F3}.Debug|x86.Build.0 = Debug|x86
		{A5CB8973-3364-4F45-9D4C-ADAEDA2997F3}.Release|Any CPU.ActiveCfg = Release|x86
		{A5CB8973-3364-4F45-9D4C-ADAEDA2997F3}.Release|x86.ActiveCfg = Release|x86
		{A5CB8973-3364-4F45-9D4C-ADAEDA2997F3}.Release|x86.Build.0 = Release|x86
		{5DDACA7B-4B78-4FEF-B4C0-A6344633A313}.Debug|Any CPU.ActiveCfg = Debug|x86
		{5DDACA7B-4B78-4FEF-B4C0-A6344633A313}.Debug|x86.ActiveCfg = Debug|x86
		{5DDACA7B-4B78-4FEF-B4C0-A6344633A313}.Debug|x86.Build.0 = Debug|x86
		{5DDACA7B-4B78-4FEF-B4C0-A6344633A313}.Release|Any CPU.ActiveCfg = Release|x86
		{5DDACA7B-4B78-4FEF-B4C0-A6344633A313}.Release|x86.ActiveCfg = Release|x86
		{5DDACA7B-4B78-4FEF-B4C0-A6344633A313}.Release|x86.Build.0 = Release|x86
		{E160A30B-E1AF-4DF3-A263-A8B7FA65E83E}.Debug|Any CPU.ActiveCfg = Debug|x86
		{E160A30B-E1AF-4DF3-A263-A8B7FA65E83E}.Debug|x86.ActiveCfg = Debug|x86
		{E160A30B-E1AF-4DF3-A263-A8B7FA65E83E}.Debug|x86.Build.0 = Debug|x86
		{E160A30B-E1AF-4DF3-A263-A8B7FA65E83E}.Release|Any CPU.ActiveCfg = Release|x86
		{E160A30B-E1AF-4DF3-A263-A8B7FA65E83E}.Release|x86.ActiveCfg = Release|x86
		{E160A30B-E1AF-4DF3-A263-A8B7FA65E83E}.Release|x86.Build.0 = Release|x86
		{01C3A4C7-E247-47C8-87D5-AA80495AEFB4}.Debug|Any CPU.ActiveCfg = Debug|x86
		{01C3A4C7-E247-47C8-87D5-AA80495AEFB4}.Debug|x86.ActiveCfg = Debug|x86
		{01C3A4C7-E247-47C8-87D5-AA80495AEFB4}.Debug|x86.Build.0 = Debug|x86
		{01C3A4C7-E247-47C8-87D5-AA80495AEFB4}.Release|Any CPU.ActiveCfg = Release|x86
		{01C3A4C7-E247-47C8-87D5-AA80495AEFB4}.Release|x86.ActiveCfg = Release|x86
		{01C3A4C7-E247-47C8-87D5-AA80495AEFB4}.Release|x86.Build.0 = Release|x86
		{4B3E9829-7E30-4912-8835-567B4556F1E6}.Debug|Any CPU.ActiveCfg = Debug|x86
		{4B3E9829-7E30-4912-8835-567B4556F1E6}.Debug|x86.ActiveCfg = Debug|x86
		{4B3E9829-7E30-4912-8835-567B4556F1E6}.Debug|x86.Build.0 = Debug|x86
		{4B3E9829-7E30-4912-8835-567B4556F1E6}.Release|Any CPU.ActiveCfg = Release|x86
		{4B3E9829-7E30-4912-8835-567B4556F1E6}.Release|x86.ActiveCfg = Release|x86
		{4B3E9829-7E30-4912-8835-567B4556F1E6}.Release|x86.Build.0 = Release|x86
		{022B3644-311E-4ADF-9CAC-5ED750FF0B55}.Debug|Any CPU.ActiveCfg = Debug|x86
		{022B3644-311E-4ADF-9CAC-5ED750FF0B55}.Debug|x86.ActiveCfg = Debug|x86
		{022B3644-311E-4ADF-9CAC-5ED750FF0B55}.Debug|x86.Build.0 = Debug|x86
		{022B3644-311E-4ADF-9CAC-5ED750FF0B55}.Release|Any CPU.ActiveCfg = Release|x86
		{022B3644-311E-4ADF-9CAC-5ED750FF0B55}.Release|x86.ActiveCfg = Release|x86
		{022B3644-311E-4ADF-9CAC-5ED750FF0B55}.Release|x86.Build.0 = Release|x86
		{73508125-A5FF-4158-8583-450FAE052684}.Debug|Any CPU.ActiveCfg = Debug|x86
		{73508125-A5FF-4158-8583-450FAE052684}.Debug|x86.ActiveCfg = Debug|x86
		{73508125-A5FF-4158-8583-450FAE052684}.Debug|x86.Build.0 = Debug|x86
		{73508125-A5FF-4158-8583-450FAE052684}.Release|Any CPU.ActiveCfg = Release|x86
		{73508125-A5FF-4158-8583-450FAE052684}.Release|x86.ActiveCfg = Release|x86
		{73508125-A5FF-4158-8583-450FAE052684}.Release|x86.Build.0 = Release|x86
		{9A636AA5-5B63-4B02-AE44-25CEC42F7494}.Debug|Any CPU.ActiveCfg = Debug|x86
		{9A636AA5-5B63-4B02-AE44-25CEC42F7494}.Debug|x86.ActiveCfg = Debug|x86
		{9A636AA5-5B63-4B02-AE44-25CEC42F7494}.Debug|x86.Build.0 = Debug|x86
		{9A636AA5-5B63-4B02-AE44-25CEC42F7494}.Release|Any CPU.ActiveCfg = Release|x86
		{9A636AA5-5B63-4B02-AE44-25CEC42F7494}.Release|x86.ActiveCfg = Release|x86
		{9A636AA5-5B63-4B02-AE44-25CEC42F7494}.Release|x86.Build.0 = Release|x86
		{110C7104-C66D-461B-ADD6-C4E10A5EB844}.Debug|Any CPU.ActiveCfg = Debug|x86
		{110C7104-C66D-461B-ADD6-C4E10A5EB844}.Debug|x86.ActiveCfg = Debug|x86
		{110C7104-C66D-461B-ADD6-C4E10A5EB844}.Debug|x86.Build.0 = Debug|x86
		{110C7104-C66D-461B-ADD6-C4E10A5EB844}.Release|Any CPU.ActiveCfg = Release|x86
		{110C7104-C66D-461B-ADD6-C4E10A5EB844}.Release|x86.ActiveCfg = Release|x86
		{110C7104-C66D-461B-ADD6-C4E10A5EB844}.Release|x86.Build.0 = Release|x86
		{FAAF20EA-E302-44C2-AE77-13D062BB60EB}.Debug|Any CPU.ActiveCfg = Debug|x86
		{FAAF20EA-E302-44C2-AE77-13D062BB60EB}.Debug|x86.ActiveCfg = Debug|x86
		{FAAF20EA-E302-44C2-AE77-13D062BB60EB}.Debug|x86.Build.0 = Debug|x86
		{FAAF20EA-E302-44C2-AE77-13D062BB60EB}.Release|Any CPU.ActiveCfg = Release|x86
		{FAAF20EA-E302-44C2-AE77-13D062BB60EB}.Release|x86.ActiveCfg = Release|x86
		{FAAF20EA-E302-44C2-AE77-13D062BB60EB}.Release|x86.Build.0 = Release|x86
		{D518CCE0-F7A0-47BE-807D-DAA4B490EC7E}.Debug|Any CPU.ActiveCfg = Debug|x86
		{D518CCE0-F7A0-47BE-807D-DAA4B490EC7E}.Debug|x86.ActiveCfg = Debug|x86
		{D518CCE0-F7A0-47BE-807D-DAA4B490EC7E}.Debug|x86.Build.0 = Debug|x86
		{D518CCE0-F7A0-47BE-807D-DAA4B490EC7E}.Release|Any CPU.ActiveCfg = Release|x86
		{D518CCE0-F7A0-47BE-807D-DAA4B490EC7E}.Release|x86.ActiveCfg = Release|x86
		{D518CCE0-F7A0-47BE-807D-DAA4B490EC7E}.Release|x86.Build.0 = Release|x86
		{96F239DA-EEE6-4B8E-92A1-C859DAF1E685}.Debug|Any CPU.ActiveCfg = Debug|x86
		{96F239DA-EEE6-4B8E-92A1-C859DAF1E685}.Debug|x86.ActiveCfg = Debug|x86
		{96F239DA-EEE6-4B8E-92A1-C859DAF1E685}.Debug|x86.Build.0 = Debug|x86
		{96F239DA-EEE6-4B8E-92A1-C859DAF1E685}.Release|Any CPU.ActiveCfg = Release|x86
		{96F239DA-EEE6-4B8E-92A1-C859DAF1E685}.Release|x86.ActiveCfg = Release|x86
		{96F239DA-EEE6-4B8E-92A1-C859DAF1E685}.Release|x86.Build.0 = Release|x86
		{778359E0-3609-4D07-AC94-768C1C354B19}.Debug|Any CPU.ActiveCfg = Debug|x86
		{778359E0-3609-4D07-AC94-768C1C354B19}.Debug|x86.ActiveCfg = Debug|x86
		{778359E0-3609-4D07-AC94-768C1C354B19}.Debug|x86.Build.0 = Debug|x86
		{778359E0-3609-4D07-AC94-768C1C354B19}.Release|Any CPU.ActiveCfg = Release|x86
		{778359E0-3609-4D07-AC94-768C1C354B19}.Release|x86.ActiveCfg = Release|x86
		{778359E0-3609-4D07-AC94-768C1C354B19}.Release|x86.Build.0 = Release|x86
		{26D6ACDD-44DA-4D42-B6C3-09D10CA8B587}.Debug|Any CPU.ActiveCfg = Debug|x86
		{26D6ACDD-44DA-4D42-B6C3-09D10CA8B587}.Debug|x86.ActiveCfg = Debug|x86
		{26D6ACDD-44DA-4D42-B6C3-09D10CA8B587}.Debug|x86.Build.0 = Debug|x86
		{26D6ACDD-44DA-4D42-B6C3-09D10CA8B587}.Release|Any CPU.ActiveCfg = Release|x86
		{26D6ACDD-44DA-4D42-B6C3-09D10CA8B587}.Release|x86.ActiveCfg = Release|x86
		{26D6ACDD-44DA-4D42-B6C3-09D10CA8B587}.Release|x86.Build.0 = Release|x86
		{C36C34E6-5A7D-49EC-A253-8AF687974972}.Debug|Any CPU.ActiveCfg = Debug|x86
		{C36C34E6-5A7D-49EC-A253-8AF687974972}.Debug|x86.ActiveCfg = Debug|x86
		{C36C34E6-5A7D-49EC-A253-8AF687974972}.Debug|x86.Build.0 = Debug|x86
		{C36C34E6-5A7D-49EC-A253-8AF687974972}.Release|Any CPU.ActiveCfg = Release|x86
		{C36C34E6-5A7D-49EC-A253-8AF687974972}.Release|x86.ActiveCfg = Release|x86
		{C36C34E6-5A7D-49EC-A253-8AF687974972}.Release|x86.Build.0 = Release|x86
		{43A00855-E6DE-4811-B886-45FD18F6CA1C}.Debug|Any CPU.ActiveCfg = Debug|x86
		{43A00855-E6DE-4811-B886-45FD18F6CA1C}.Debug|x86.ActiveCfg = Debug|x86
		{43A00855-E6DE-4811-B886-45FD18F6CA1C}.Debug|x86.Build.0 = Debug|x86
		{43A00855-E6DE-4811-B886-45FD18F6CA1C}.Release|Any CPU.ActiveCfg = Release|x86
		{43A00855-E6DE-4811-B886-45FD18F6CA1C}.Release|x86.ActiveCfg = Release|x86
		{43A00855-E6DE-4811-B886-45FD18F6CA1C}.Release|x86.Build.0 = Release|x86
		{96FE3767-3AD7-4829-B208-D48B37DEBCC1}.Debug|Any CPU.ActiveCfg = Debug|Any CPU
		{96FE3767-3AD7-4829-B208-D48B37DEBCC1}.Debug|Any CPU.Build.0 = Debug|Any CPU
		{96FE3767-3AD7-4829-B208-D48B37DEBCC1}.Debug|x86.ActiveCfg = Debug|Any CPU
		{96FE3767-3AD7-4829-B208-D48B37DEBCC1}.Debug|x86.Build.0 = Debug|Any CPU
		{96FE3767-3AD7-4829-B208-D48B37DEBCC1}.Release|Any CPU.ActiveCfg = Release|Any CPU
		{96FE3767-3AD7-4829-B208-D48B37DEBCC1}.Release|Any CPU.Build.0 = Release|Any CPU
		{96FE3767-3AD7-4829-B208-D48B37DEBCC1}.Release|x86.ActiveCfg = Release|Any CPU
		{96FE3767-3AD7-4829-B208-D48B37DEBCC1}.Release|x86.Build.0 = Release|Any CPU
		{06ED1EF9-ECF2-45CD-846C-20C76623BEF7}.Debug|Any CPU.ActiveCfg = Debug|Any CPU
		{06ED1EF9-ECF2-45CD-846C-20C76623BEF7}.Debug|Any CPU.Build.0 = Debug|Any CPU
		{06ED1EF9-ECF2-45CD-846C-20C76623BEF7}.Debug|x86.ActiveCfg = Debug|Any CPU
		{06ED1EF9-ECF2-45CD-846C-20C76623BEF7}.Debug|x86.Build.0 = Debug|Any CPU
		{06ED1EF9-ECF2-45CD-846C-20C76623BEF7}.Release|Any CPU.ActiveCfg = Release|Any CPU
		{06ED1EF9-ECF2-45CD-846C-20C76623BEF7}.Release|Any CPU.Build.0 = Release|Any CPU
		{06ED1EF9-ECF2-45CD-846C-20C76623BEF7}.Release|x86.ActiveCfg = Release|Any CPU
		{06ED1EF9-ECF2-45CD-846C-20C76623BEF7}.Release|x86.Build.0 = Release|Any CPU
		{09D00C5C-10B9-4581-8800-348BD226F5A5}.Debug|Any CPU.ActiveCfg = Debug|x86
		{09D00C5C-10B9-4581-8800-348BD226F5A5}.Debug|x86.ActiveCfg = Debug|x86
		{09D00C5C-10B9-4581-8800-348BD226F5A5}.Debug|x86.Build.0 = Debug|x86
		{09D00C5C-10B9-4581-8800-348BD226F5A5}.Release|Any CPU.ActiveCfg = Release|x86
		{09D00C5C-10B9-4581-8800-348BD226F5A5}.Release|x86.ActiveCfg = Release|x86
		{09D00C5C-10B9-4581-8800-348BD226F5A5}.Release|x86.Build.0 = Release|x86
		{489A3762-7CAA-4310-8F7E-A89BB36DDB24}.Debug|Any CPU.ActiveCfg = Debug|x86
		{489A3762-7CAA-4310-8F7E-A89BB36DDB24}.Debug|x86.ActiveCfg = Debug|x86
		{489A3762-7CAA-4310-8F7E-A89BB36DDB24}.Debug|x86.Build.0 = Debug|x86
		{489A3762-7CAA-4310-8F7E-A89BB36DDB24}.Release|Any CPU.ActiveCfg = Release|x86
		{489A3762-7CAA-4310-8F7E-A89BB36DDB24}.Release|x86.ActiveCfg = Release|x86
		{489A3762-7CAA-4310-8F7E-A89BB36DDB24}.Release|x86.Build.0 = Release|x86
		{88B72345-5421-4980-9EDB-A820CB738000}.Debug|Any CPU.ActiveCfg = Debug|x86
		{88B72345-5421-4980-9EDB-A820CB738000}.Debug|x86.ActiveCfg = Debug|x86
		{88B72345-5421-4980-9EDB-A820CB738000}.Debug|x86.Build.0 = Debug|x86
		{88B72345-5421-4980-9EDB-A820CB738000}.Release|Any CPU.ActiveCfg = Release|x86
		{88B72345-5421-4980-9EDB-A820CB738000}.Release|x86.ActiveCfg = Release|x86
		{88B72345-5421-4980-9EDB-A820CB738000}.Release|x86.Build.0 = Release|x86
		{FE3525F1-0873-4B5F-BC3B-1B53FF6E2677}.Debug|Any CPU.ActiveCfg = Debug|x86
		{FE3525F1-0873-4B5F-BC3B-1B53FF6E2677}.Debug|x86.ActiveCfg = Debug|x86
		{FE3525F1-0873-4B5F-BC3B-1B53FF6E2677}.Debug|x86.Build.0 = Debug|x86
		{FE3525F1-0873-4B5F-BC3B-1B53FF6E2677}.Release|Any CPU.ActiveCfg = Release|x86
		{FE3525F1-0873-4B5F-BC3B-1B53FF6E2677}.Release|x86.ActiveCfg = Release|x86
		{FE3525F1-0873-4B5F-BC3B-1B53FF6E2677}.Release|x86.Build.0 = Release|x86
		{68475721-B892-4353-BDFD-9A0813FA3BD7}.Debug|Any CPU.ActiveCfg = Debug|x86
		{68475721-B892-4353-BDFD-9A0813FA3BD7}.Debug|x86.ActiveCfg = Debug|x86
		{68475721-B892-4353-BDFD-9A0813FA3BD7}.Debug|x86.Build.0 = Debug|x86
		{68475721-B892-4353-BDFD-9A0813FA3BD7}.Release|Any CPU.ActiveCfg = Release|x86
		{68475721-B892-4353-BDFD-9A0813FA3BD7}.Release|x86.ActiveCfg = Release|x86
		{68475721-B892-4353-BDFD-9A0813FA3BD7}.Release|x86.Build.0 = Release|x86
		{255E3243-295C-403D-9ABC-42EBBFC281B0}.Debug|Any CPU.ActiveCfg = Debug|x86
		{255E3243-295C-403D-9ABC-42EBBFC281B0}.Debug|x86.ActiveCfg = Debug|x86
		{255E3243-295C-403D-9ABC-42EBBFC281B0}.Debug|x86.Build.0 = Debug|x86
		{255E3243-295C-403D-9ABC-42EBBFC281B0}.Release|Any CPU.ActiveCfg = Release|x86
		{255E3243-295C-403D-9ABC-42EBBFC281B0}.Release|x86.ActiveCfg = Release|x86
		{255E3243-295C-403D-9ABC-42EBBFC281B0}.Release|x86.Build.0 = Release|x86
		{2EBEB65C-0833-4E4E-A411-717FF7E0F43B}.Debug|Any CPU.ActiveCfg = Debug|x86
		{2EBEB65C-0833-4E4E-A411-717FF7E0F43B}.Debug|x86.ActiveCfg = Debug|x86
		{2EBEB65C-0833-4E4E-A411-717FF7E0F43B}.Debug|x86.Build.0 = Debug|x86
		{2EBEB65C-0833-4E4E-A411-717FF7E0F43B}.Release|Any CPU.ActiveCfg = Release|x86
		{2EBEB65C-0833-4E4E-A411-717FF7E0F43B}.Release|x86.ActiveCfg = Release|x86
		{2EBEB65C-0833-4E4E-A411-717FF7E0F43B}.Release|x86.Build.0 = Release|x86
		{B04D1FD4-2C6D-4A7D-85C8-C044DE0F2D46}.Debug|Any CPU.ActiveCfg = Debug|x86
		{B04D1FD4-2C6D-4A7D-85C8-C044DE0F2D46}.Debug|x86.ActiveCfg = Debug|x86
		{B04D1FD4-2C6D-4A7D-85C8-C044DE0F2D46}.Debug|x86.Build.0 = Debug|x86
		{B04D1FD4-2C6D-4A7D-85C8-C044DE0F2D46}.Release|Any CPU.ActiveCfg = Release|x86
		{B04D1FD4-2C6D-4A7D-85C8-C044DE0F2D46}.Release|x86.ActiveCfg = Release|x86
		{B04D1FD4-2C6D-4A7D-85C8-C044DE0F2D46}.Release|x86.Build.0 = Release|x86
		{6AB45ED3-0085-452D-8285-85F1934A0D6B}.Debug|Any CPU.ActiveCfg = Debug|x86
		{6AB45ED3-0085-452D-8285-85F1934A0D6B}.Debug|x86.ActiveCfg = Debug|x86
		{6AB45ED3-0085-452D-8285-85F1934A0D6B}.Debug|x86.Build.0 = Debug|x86
		{6AB45ED3-0085-452D-8285-85F1934A0D6B}.Release|Any CPU.ActiveCfg = Release|x86
		{6AB45ED3-0085-452D-8285-85F1934A0D6B}.Release|x86.ActiveCfg = Release|x86
		{6AB45ED3-0085-452D-8285-85F1934A0D6B}.Release|x86.Build.0 = Release|x86
		{ACC7203C-708B-4C42-A102-8689E17EDCE7}.Debug|Any CPU.ActiveCfg = Debug|x86
		{ACC7203C-708B-4C42-A102-8689E17EDCE7}.Debug|x86.ActiveCfg = Debug|x86
		{ACC7203C-708B-4C42-A102-8689E17EDCE7}.Debug|x86.Build.0 = Debug|x86
		{ACC7203C-708B-4C42-A102-8689E17EDCE7}.Release|Any CPU.ActiveCfg = Release|x86
		{ACC7203C-708B-4C42-A102-8689E17EDCE7}.Release|x86.ActiveCfg = Release|x86
		{ACC7203C-708B-4C42-A102-8689E17EDCE7}.Release|x86.Build.0 = Release|x86
		{B46FA15C-30ED-4BD7-BE8D-1F816CEB921C}.Debug|Any CPU.ActiveCfg = Debug|x86
		{B46FA15C-30ED-4BD7-BE8D-1F816CEB921C}.Debug|x86.ActiveCfg = Debug|x86
		{B46FA15C-30ED-4BD7-BE8D-1F816CEB921C}.Debug|x86.Build.0 = Debug|x86
		{B46FA15C-30ED-4BD7-BE8D-1F816CEB921C}.Release|Any CPU.ActiveCfg = Release|x86
		{B46FA15C-30ED-4BD7-BE8D-1F816CEB921C}.Release|x86.ActiveCfg = Release|x86
		{B46FA15C-30ED-4BD7-BE8D-1F816CEB921C}.Release|x86.Build.0 = Release|x86
		{24AA7BFB-2409-4410-867C-D48A87B3D75D}.Debug|Any CPU.ActiveCfg = Debug|x86
		{24AA7BFB-2409-4410-867C-D48A87B3D75D}.Debug|x86.ActiveCfg = Debug|x86
		{24AA7BFB-2409-4410-867C-D48A87B3D75D}.Debug|x86.Build.0 = Debug|x86
		{24AA7BFB-2409-4410-867C-D48A87B3D75D}.Release|Any CPU.ActiveCfg = Release|x86
		{24AA7BFB-2409-4410-867C-D48A87B3D75D}.Release|x86.ActiveCfg = Release|x86
		{24AA7BFB-2409-4410-867C-D48A87B3D75D}.Release|x86.Build.0 = Release|x86
		{4D23B40C-3287-486D-9182-088DB377C900}.Debug|Any CPU.ActiveCfg = Debug|x86
		{4D23B40C-3287-486D-9182-088DB377C900}.Debug|x86.ActiveCfg = Debug|x86
		{4D23B40C-3287-486D-9182-088DB377C900}.Debug|x86.Build.0 = Debug|x86
		{4D23B40C-3287-486D-9182-088DB377C900}.Release|Any CPU.ActiveCfg = Release|x86
		{4D23B40C-3287-486D-9182-088DB377C900}.Release|x86.ActiveCfg = Release|x86
		{4D23B40C-3287-486D-9182-088DB377C900}.Release|x86.Build.0 = Release|x86
		{140AAFEB-DE2A-4BA1-B809-343D54F13AC0}.Debug|Any CPU.ActiveCfg = Debug|x86
		{140AAFEB-DE2A-4BA1-B809-343D54F13AC0}.Debug|x86.ActiveCfg = Debug|x86
		{140AAFEB-DE2A-4BA1-B809-343D54F13AC0}.Debug|x86.Build.0 = Debug|x86
		{140AAFEB-DE2A-4BA1-B809-343D54F13AC0}.Release|Any CPU.ActiveCfg = Release|x86
		{140AAFEB-DE2A-4BA1-B809-343D54F13AC0}.Release|x86.ActiveCfg = Release|x86
		{140AAFEB-DE2A-4BA1-B809-343D54F13AC0}.Release|x86.Build.0 = Release|x86
		{AADC2F9B-A398-47AE-BAE6-E880447622BE}.Debug|Any CPU.ActiveCfg = Debug|x86
		{AADC2F9B-A398-47AE-BAE6-E880447622BE}.Debug|x86.ActiveCfg = Debug|x86
		{AADC2F9B-A398-47AE-BAE6-E880447622BE}.Debug|x86.Build.0 = Debug|x86
		{AADC2F9B-A398-47AE-BAE6-E880447622BE}.Release|Any CPU.ActiveCfg = Release|x86
		{AADC2F9B-A398-47AE-BAE6-E880447622BE}.Release|x86.ActiveCfg = Release|x86
		{AADC2F9B-A398-47AE-BAE6-E880447622BE}.Release|x86.Build.0 = Release|x86
		{A6BC6841-A3B7-4930-8933-F168F2BF19BD}.Debug|Any CPU.ActiveCfg = Debug|x86
		{A6BC6841-A3B7-4930-8933-F168F2BF19BD}.Debug|x86.ActiveCfg = Debug|x86
		{A6BC6841-A3B7-4930-8933-F168F2BF19BD}.Debug|x86.Build.0 = Debug|x86
		{A6BC6841-A3B7-4930-8933-F168F2BF19BD}.Release|Any CPU.ActiveCfg = Release|x86
		{A6BC6841-A3B7-4930-8933-F168F2BF19BD}.Release|x86.ActiveCfg = Release|x86
		{A6BC6841-A3B7-4930-8933-F168F2BF19BD}.Release|x86.Build.0 = Release|x86
		{EC1884ED-5C94-46CE-B681-0AC6D1271CD1}.Debug|Any CPU.ActiveCfg = Debug|x86
		{EC1884ED-5C94-46CE-B681-0AC6D1271CD1}.Debug|x86.ActiveCfg = Debug|x86
		{EC1884ED-5C94-46CE-B681-0AC6D1271CD1}.Debug|x86.Build.0 = Debug|x86
		{EC1884ED-5C94-46CE-B681-0AC6D1271CD1}.Release|Any CPU.ActiveCfg = Release|x86
		{EC1884ED-5C94-46CE-B681-0AC6D1271CD1}.Release|x86.ActiveCfg = Release|x86
		{EC1884ED-5C94-46CE-B681-0AC6D1271CD1}.Release|x86.Build.0 = Release|x86
		{5D065DFF-9728-4E91-A96F-CA1CBFE7693D}.Debug|Any CPU.ActiveCfg = Debug|x86
		{5D065DFF-9728-4E91-A96F-CA1CBFE7693D}.Debug|x86.ActiveCfg = Debug|x86
		{5D065DFF-9728-4E91-A96F-CA1CBFE7693D}.Debug|x86.Build.0 = Debug|x86
		{5D065DFF-9728-4E91-A96F-CA1CBFE7693D}.Release|Any CPU.ActiveCfg = Release|x86
		{5D065DFF-9728-4E91-A96F-CA1CBFE7693D}.Release|x86.ActiveCfg = Release|x86
		{5D065DFF-9728-4E91-A96F-CA1CBFE7693D}.Release|x86.Build.0 = Release|x86
		{73C788AB-A512-4C4F-BEE2-A13CCEB6C4EF}.Debug|Any CPU.ActiveCfg = Debug|x86
		{73C788AB-A512-4C4F-BEE2-A13CCEB6C4EF}.Debug|x86.ActiveCfg = Debug|x86
		{73C788AB-A512-4C4F-BEE2-A13CCEB6C4EF}.Debug|x86.Build.0 = Debug|x86
		{73C788AB-A512-4C4F-BEE2-A13CCEB6C4EF}.Release|Any CPU.ActiveCfg = Release|x86
		{73C788AB-A512-4C4F-BEE2-A13CCEB6C4EF}.Release|x86.ActiveCfg = Release|x86
		{73C788AB-A512-4C4F-BEE2-A13CCEB6C4EF}.Release|x86.Build.0 = Release|x86
		{81C35BD2-C21F-4B52-B2AF-F97F36A4AA86}.Debug|Any CPU.ActiveCfg = Debug|x86
		{81C35BD2-C21F-4B52-B2AF-F97F36A4AA86}.Debug|x86.ActiveCfg = Debug|x86
		{81C35BD2-C21F-4B52-B2AF-F97F36A4AA86}.Debug|x86.Build.0 = Debug|x86
		{81C35BD2-C21F-4B52-B2AF-F97F36A4AA86}.Release|Any CPU.ActiveCfg = Release|x86
		{81C35BD2-C21F-4B52-B2AF-F97F36A4AA86}.Release|x86.ActiveCfg = Release|x86
		{81C35BD2-C21F-4B52-B2AF-F97F36A4AA86}.Release|x86.Build.0 = Release|x86
		{E9A1AB2A-2BF1-4463-9645-60A42C053886}.Debug|Any CPU.ActiveCfg = Debug|x86
		{E9A1AB2A-2BF1-4463-9645-60A42C053886}.Debug|x86.ActiveCfg = Debug|x86
		{E9A1AB2A-2BF1-4463-9645-60A42C053886}.Debug|x86.Build.0 = Debug|x86
		{E9A1AB2A-2BF1-4463-9645-60A42C053886}.Release|Any CPU.ActiveCfg = Release|x86
		{E9A1AB2A-2BF1-4463-9645-60A42C053886}.Release|x86.ActiveCfg = Release|x86
		{E9A1AB2A-2BF1-4463-9645-60A42C053886}.Release|x86.Build.0 = Release|x86
		{6E90AE62-0BD8-44D0-85EA-709ABCF9659F}.Debug|Any CPU.ActiveCfg = Debug|x86
		{6E90AE62-0BD8-44D0-85EA-709ABCF9659F}.Debug|x86.ActiveCfg = Debug|x86
		{6E90AE62-0BD8-44D0-85EA-709ABCF9659F}.Debug|x86.Build.0 = Debug|x86
		{6E90AE62-0BD8-44D0-85EA-709ABCF9659F}.Release|Any CPU.ActiveCfg = Release|x86
		{6E90AE62-0BD8-44D0-85EA-709ABCF9659F}.Release|x86.ActiveCfg = Release|x86
		{6E90AE62-0BD8-44D0-85EA-709ABCF9659F}.Release|x86.Build.0 = Release|x86
		{34AA92AB-CF6F-4141-B447-EBEFBCD8BF3E}.Debug|Any CPU.ActiveCfg = Debug|x86
		{34AA92AB-CF6F-4141-B447-EBEFBCD8BF3E}.Debug|x86.ActiveCfg = Debug|x86
		{34AA92AB-CF6F-4141-B447-EBEFBCD8BF3E}.Debug|x86.Build.0 = Debug|x86
		{34AA92AB-CF6F-4141-B447-EBEFBCD8BF3E}.Release|Any CPU.ActiveCfg = Release|x86
		{34AA92AB-CF6F-4141-B447-EBEFBCD8BF3E}.Release|x86.ActiveCfg = Release|x86
		{34AA92AB-CF6F-4141-B447-EBEFBCD8BF3E}.Release|x86.Build.0 = Release|x86
		{528D9E7D-1ED7-4B32-B384-8995E48AA2A0}.Debug|Any CPU.ActiveCfg = Debug|x86
		{528D9E7D-1ED7-4B32-B384-8995E48AA2A0}.Debug|x86.ActiveCfg = Debug|x86
		{528D9E7D-1ED7-4B32-B384-8995E48AA2A0}.Debug|x86.Build.0 = Debug|x86
		{528D9E7D-1ED7-4B32-B384-8995E48AA2A0}.Release|Any CPU.ActiveCfg = Release|x86
		{528D9E7D-1ED7-4B32-B384-8995E48AA2A0}.Release|x86.ActiveCfg = Release|x86
		{528D9E7D-1ED7-4B32-B384-8995E48AA2A0}.Release|x86.Build.0 = Release|x86
		{3AD99DCF-8EB6-4083-B0D3-AC440106885F}.Debug|Any CPU.ActiveCfg = Debug|x86
		{3AD99DCF-8EB6-4083-B0D3-AC440106885F}.Debug|x86.ActiveCfg = Debug|x86
		{3AD99DCF-8EB6-4083-B0D3-AC440106885F}.Debug|x86.Build.0 = Debug|x86
		{3AD99DCF-8EB6-4083-B0D3-AC440106885F}.Release|Any CPU.ActiveCfg = Release|x86
		{3AD99DCF-8EB6-4083-B0D3-AC440106885F}.Release|x86.ActiveCfg = Release|x86
		{3AD99DCF-8EB6-4083-B0D3-AC440106885F}.Release|x86.Build.0 = Release|x86
		{9609AFFC-EEB0-435D-8821-4EAE7C5C9BA8}.Debug|Any CPU.ActiveCfg = Debug|x86
		{9609AFFC-EEB0-435D-8821-4EAE7C5C9BA8}.Debug|x86.ActiveCfg = Debug|x86
		{9609AFFC-EEB0-435D-8821-4EAE7C5C9BA8}.Debug|x86.Build.0 = Debug|x86
		{9609AFFC-EEB0-435D-8821-4EAE7C5C9BA8}.Release|Any CPU.ActiveCfg = Release|x86
		{9609AFFC-EEB0-435D-8821-4EAE7C5C9BA8}.Release|x86.ActiveCfg = Release|x86
		{9609AFFC-EEB0-435D-8821-4EAE7C5C9BA8}.Release|x86.Build.0 = Release|x86
		{14E41F3D-F049-4F3E-B816-A4C107A9B027}.Debug|Any CPU.ActiveCfg = Debug|x86
		{14E41F3D-F049-4F3E-B816-A4C107A9B027}.Debug|x86.ActiveCfg = Debug|x86
		{14E41F3D-F049-4F3E-B816-A4C107A9B027}.Debug|x86.Build.0 = Debug|x86
		{14E41F3D-F049-4F3E-B816-A4C107A9B027}.Release|Any CPU.ActiveCfg = Release|x86
		{14E41F3D-F049-4F3E-B816-A4C107A9B027}.Release|x86.ActiveCfg = Release|x86
		{14E41F3D-F049-4F3E-B816-A4C107A9B027}.Release|x86.Build.0 = Release|x86
		{75FD51BE-377B-4731-9D95-BECB5397F49E}.Debug|Any CPU.ActiveCfg = Debug|x86
		{75FD51BE-377B-4731-9D95-BECB5397F49E}.Debug|x86.ActiveCfg = Debug|x86
		{75FD51BE-377B-4731-9D95-BECB5397F49E}.Debug|x86.Build.0 = Debug|x86
		{75FD51BE-377B-4731-9D95-BECB5397F49E}.Release|Any CPU.ActiveCfg = Release|x86
		{75FD51BE-377B-4731-9D95-BECB5397F49E}.Release|x86.ActiveCfg = Release|x86
		{75FD51BE-377B-4731-9D95-BECB5397F49E}.Release|x86.Build.0 = Release|x86
		{82A5F4DA-6235-4746-BB5F-703B90BCEDEC}.Debug|Any CPU.ActiveCfg = Debug|x86
		{82A5F4DA-6235-4746-BB5F-703B90BCEDEC}.Debug|x86.ActiveCfg = Debug|x86
		{82A5F4DA-6235-4746-BB5F-703B90BCEDEC}.Debug|x86.Build.0 = Debug|x86
		{82A5F4DA-6235-4746-BB5F-703B90BCEDEC}.Release|Any CPU.ActiveCfg = Release|x86
		{82A5F4DA-6235-4746-BB5F-703B90BCEDEC}.Release|x86.ActiveCfg = Release|x86
		{82A5F4DA-6235-4746-BB5F-703B90BCEDEC}.Release|x86.Build.0 = Release|x86
		{EF503896-7A0A-4794-8C4B-39420C545EA6}.Debug|Any CPU.ActiveCfg = Debug|x86
		{EF503896-7A0A-4794-8C4B-39420C545EA6}.Debug|x86.ActiveCfg = Debug|x86
		{EF503896-7A0A-4794-8C4B-39420C545EA6}.Debug|x86.Build.0 = Debug|x86
		{EF503896-7A0A-4794-8C4B-39420C545EA6}.Release|Any CPU.ActiveCfg = Release|x86
		{EF503896-7A0A-4794-8C4B-39420C545EA6}.Release|x86.ActiveCfg = Release|x86
		{EF503896-7A0A-4794-8C4B-39420C545EA6}.Release|x86.Build.0 = Release|x86
		{491DC8BF-8A58-43CC-9C3D-C83194601D02}.Debug|Any CPU.ActiveCfg = Debug|x86
		{491DC8BF-8A58-43CC-9C3D-C83194601D02}.Debug|x86.ActiveCfg = Debug|x86
		{491DC8BF-8A58-43CC-9C3D-C83194601D02}.Debug|x86.Build.0 = Debug|x86
		{491DC8BF-8A58-43CC-9C3D-C83194601D02}.Release|Any CPU.ActiveCfg = Release|x86
		{491DC8BF-8A58-43CC-9C3D-C83194601D02}.Release|x86.ActiveCfg = Release|x86
		{491DC8BF-8A58-43CC-9C3D-C83194601D02}.Release|x86.Build.0 = Release|x86
		{4A60A2A7-4F38-4336-A425-12B7DA5468DC}.Debug|Any CPU.ActiveCfg = Debug|x86
		{4A60A2A7-4F38-4336-A425-12B7DA5468DC}.Debug|x86.ActiveCfg = Debug|x86
		{4A60A2A7-4F38-4336-A425-12B7DA5468DC}.Debug|x86.Build.0 = Debug|x86
		{4A60A2A7-4F38-4336-A425-12B7DA5468DC}.Release|Any CPU.ActiveCfg = Release|x86
		{4A60A2A7-4F38-4336-A425-12B7DA5468DC}.Release|x86.ActiveCfg = Release|x86
		{4A60A2A7-4F38-4336-A425-12B7DA5468DC}.Release|x86.Build.0 = Release|x86
		{ADDD1DBE-41E1-4441-AD9F-6503AECCDB91}.Debug|Any CPU.ActiveCfg = Debug|x86
		{ADDD1DBE-41E1-4441-AD9F-6503AECCDB91}.Debug|x86.ActiveCfg = Debug|x86
		{ADDD1DBE-41E1-4441-AD9F-6503AECCDB91}.Debug|x86.Build.0 = Debug|x86
		{ADDD1DBE-41E1-4441-AD9F-6503AECCDB91}.Release|Any CPU.ActiveCfg = Release|x86
		{ADDD1DBE-41E1-4441-AD9F-6503AECCDB91}.Release|x86.ActiveCfg = Release|x86
		{ADDD1DBE-41E1-4441-AD9F-6503AECCDB91}.Release|x86.Build.0 = Release|x86
		{B18021F5-C7AE-424F-8BD4-2AD24D4D067E}.Debug|Any CPU.ActiveCfg = Debug|x86
		{B18021F5-C7AE-424F-8BD4-2AD24D4D067E}.Debug|x86.ActiveCfg = Debug|x86
		{B18021F5-C7AE-424F-8BD4-2AD24D4D067E}.Debug|x86.Build.0 = Debug|x86
		{B18021F5-C7AE-424F-8BD4-2AD24D4D067E}.Release|Any CPU.ActiveCfg = Release|x86
		{B18021F5-C7AE-424F-8BD4-2AD24D4D067E}.Release|x86.ActiveCfg = Release|x86
		{B18021F5-C7AE-424F-8BD4-2AD24D4D067E}.Release|x86.Build.0 = Release|x86
		{14E688AC-6ADB-4C3C-A735-41A8F2F6BB40}.Debug|Any CPU.ActiveCfg = Debug|x86
		{14E688AC-6ADB-4C3C-A735-41A8F2F6BB40}.Debug|x86.ActiveCfg = Debug|x86
		{14E688AC-6ADB-4C3C-A735-41A8F2F6BB40}.Debug|x86.Build.0 = Debug|x86
		{14E688AC-6ADB-4C3C-A735-41A8F2F6BB40}.Release|Any CPU.ActiveCfg = Release|x86
		{14E688AC-6ADB-4C3C-A735-41A8F2F6BB40}.Release|x86.ActiveCfg = Release|x86
		{14E688AC-6ADB-4C3C-A735-41A8F2F6BB40}.Release|x86.Build.0 = Release|x86
		{1C89CE24-6D7F-418A-B36D-BF9C834AB366}.Debug|Any CPU.ActiveCfg = Debug|x86
		{1C89CE24-6D7F-418A-B36D-BF9C834AB366}.Debug|x86.ActiveCfg = Debug|x86
		{1C89CE24-6D7F-418A-B36D-BF9C834AB366}.Debug|x86.Build.0 = Debug|x86
		{1C89CE24-6D7F-418A-B36D-BF9C834AB366}.Release|Any CPU.ActiveCfg = Release|x86
		{1C89CE24-6D7F-418A-B36D-BF9C834AB366}.Release|x86.ActiveCfg = Release|x86
		{1C89CE24-6D7F-418A-B36D-BF9C834AB366}.Release|x86.Build.0 = Release|x86
		{9CFD2A32-96B7-4A9A-82BA-B11B2D71A9F7}.Debug|Any CPU.ActiveCfg = Debug|x86
		{9CFD2A32-96B7-4A9A-82BA-B11B2D71A9F7}.Debug|x86.ActiveCfg = Debug|x86
		{9CFD2A32-96B7-4A9A-82BA-B11B2D71A9F7}.Debug|x86.Build.0 = Debug|x86
		{9CFD2A32-96B7-4A9A-82BA-B11B2D71A9F7}.Release|Any CPU.ActiveCfg = Release|x86
		{9CFD2A32-96B7-4A9A-82BA-B11B2D71A9F7}.Release|x86.ActiveCfg = Release|x86
		{9CFD2A32-96B7-4A9A-82BA-B11B2D71A9F7}.Release|x86.Build.0 = Release|x86
		{81184FD9-6C00-42FA-83F0-B32E3C720AAF}.Debug|Any CPU.ActiveCfg = Debug|x86
		{81184FD9-6C00-42FA-83F0-B32E3C720AAF}.Debug|x86.ActiveCfg = Debug|x86
		{81184FD9-6C00-42FA-83F0-B32E3C720AAF}.Debug|x86.Build.0 = Debug|x86
		{81184FD9-6C00-42FA-83F0-B32E3C720AAF}.Release|Any CPU.ActiveCfg = Release|x86
		{81184FD9-6C00-42FA-83F0-B32E3C720AAF}.Release|x86.ActiveCfg = Release|x86
		{81184FD9-6C00-42FA-83F0-B32E3C720AAF}.Release|x86.Build.0 = Release|x86
		{F85150F4-E280-4CF9-BC69-BC28E9E1B742}.Debug|Any CPU.ActiveCfg = Debug|x86
		{F85150F4-E280-4CF9-BC69-BC28E9E1B742}.Debug|x86.ActiveCfg = Debug|x86
		{F85150F4-E280-4CF9-BC69-BC28E9E1B742}.Debug|x86.Build.0 = Debug|x86
		{F85150F4-E280-4CF9-BC69-BC28E9E1B742}.Release|Any CPU.ActiveCfg = Release|x86
		{F85150F4-E280-4CF9-BC69-BC28E9E1B742}.Release|x86.ActiveCfg = Release|x86
		{F85150F4-E280-4CF9-BC69-BC28E9E1B742}.Release|x86.Build.0 = Release|x86
		{A37BC05D-B1E9-48E2-8FC4-5F36B36F4700}.Debug|Any CPU.ActiveCfg = Debug|x86
		{A37BC05D-B1E9-48E2-8FC4-5F36B36F4700}.Debug|x86.ActiveCfg = Debug|x86
		{A37BC05D-B1E9-48E2-8FC4-5F36B36F4700}.Debug|x86.Build.0 = Debug|x86
		{A37BC05D-B1E9-48E2-8FC4-5F36B36F4700}.Release|Any CPU.ActiveCfg = Release|x86
		{A37BC05D-B1E9-48E2-8FC4-5F36B36F4700}.Release|x86.ActiveCfg = Release|x86
		{A37BC05D-B1E9-48E2-8FC4-5F36B36F4700}.Release|x86.Build.0 = Release|x86
		{EFD24527-7DA2-4E4D-B9DD-DD0D37BC681E}.Debug|Any CPU.ActiveCfg = Debug|x86
		{EFD24527-7DA2-4E4D-B9DD-DD0D37BC681E}.Debug|x86.ActiveCfg = Debug|x86
		{EFD24527-7DA2-4E4D-B9DD-DD0D37BC681E}.Debug|x86.Build.0 = Debug|x86
		{EFD24527-7DA2-4E4D-B9DD-DD0D37BC681E}.Release|Any CPU.ActiveCfg = Release|x86
		{EFD24527-7DA2-4E4D-B9DD-DD0D37BC681E}.Release|x86.ActiveCfg = Release|x86
		{EFD24527-7DA2-4E4D-B9DD-DD0D37BC681E}.Release|x86.Build.0 = Release|x86
		{6039F17C-E5B6-4CDE-BEF2-B1E21A3D7CFF}.Debug|Any CPU.ActiveCfg = Debug|x86
		{6039F17C-E5B6-4CDE-BEF2-B1E21A3D7CFF}.Debug|x86.ActiveCfg = Debug|x86
		{6039F17C-E5B6-4CDE-BEF2-B1E21A3D7CFF}.Debug|x86.Build.0 = Debug|x86
		{6039F17C-E5B6-4CDE-BEF2-B1E21A3D7CFF}.Release|Any CPU.ActiveCfg = Release|x86
		{6039F17C-E5B6-4CDE-BEF2-B1E21A3D7CFF}.Release|x86.ActiveCfg = Release|x86
		{6039F17C-E5B6-4CDE-BEF2-B1E21A3D7CFF}.Release|x86.Build.0 = Release|x86
		{69DB95DC-ACBF-4167-9530-6D758312641A}.Debug|Any CPU.ActiveCfg = Debug|x86
		{69DB95DC-ACBF-4167-9530-6D758312641A}.Debug|x86.ActiveCfg = Debug|x86
		{69DB95DC-ACBF-4167-9530-6D758312641A}.Debug|x86.Build.0 = Debug|x86
		{69DB95DC-ACBF-4167-9530-6D758312641A}.Release|Any CPU.ActiveCfg = Release|x86
		{69DB95DC-ACBF-4167-9530-6D758312641A}.Release|x86.ActiveCfg = Release|x86
		{69DB95DC-ACBF-4167-9530-6D758312641A}.Release|x86.Build.0 = Release|x86
		{2DAD203C-9C9B-43B4-A64C-CB18EB1CFBB7}.Debug|Any CPU.ActiveCfg = Debug|x86
		{2DAD203C-9C9B-43B4-A64C-CB18EB1CFBB7}.Debug|x86.ActiveCfg = Debug|x86
		{2DAD203C-9C9B-43B4-A64C-CB18EB1CFBB7}.Debug|x86.Build.0 = Debug|x86
		{2DAD203C-9C9B-43B4-A64C-CB18EB1CFBB7}.Release|Any CPU.ActiveCfg = Release|x86
		{2DAD203C-9C9B-43B4-A64C-CB18EB1CFBB7}.Release|x86.ActiveCfg = Release|x86
		{2DAD203C-9C9B-43B4-A64C-CB18EB1CFBB7}.Release|x86.Build.0 = Release|x86
		{281E0D1B-E11F-4909-B1BF-6829F032670A}.Debug|Any CPU.ActiveCfg = Debug|x86
		{281E0D1B-E11F-4909-B1BF-6829F032670A}.Debug|x86.ActiveCfg = Debug|x86
		{281E0D1B-E11F-4909-B1BF-6829F032670A}.Debug|x86.Build.0 = Debug|x86
		{281E0D1B-E11F-4909-B1BF-6829F032670A}.Release|Any CPU.ActiveCfg = Release|x86
		{281E0D1B-E11F-4909-B1BF-6829F032670A}.Release|x86.ActiveCfg = Release|x86
		{281E0D1B-E11F-4909-B1BF-6829F032670A}.Release|x86.Build.0 = Release|x86
		{11D23C90-3052-4607-80B0-51FF0BBEA887}.Debug|Any CPU.ActiveCfg = Debug|x86
		{11D23C90-3052-4607-80B0-51FF0BBEA887}.Debug|x86.ActiveCfg = Debug|x86
		{11D23C90-3052-4607-80B0-51FF0BBEA887}.Debug|x86.Build.0 = Debug|x86
		{11D23C90-3052-4607-80B0-51FF0BBEA887}.Release|Any CPU.ActiveCfg = Release|x86
		{11D23C90-3052-4607-80B0-51FF0BBEA887}.Release|x86.ActiveCfg = Release|x86
		{11D23C90-3052-4607-80B0-51FF0BBEA887}.Release|x86.Build.0 = Release|x86
		{32B7C5E7-E485-4655-82F5-0DEED09AA3A2}.Debug|Any CPU.ActiveCfg = Debug|x86
		{32B7C5E7-E485-4655-82F5-0DEED09AA3A2}.Debug|x86.ActiveCfg = Debug|x86
		{32B7C5E7-E485-4655-82F5-0DEED09AA3A2}.Debug|x86.Build.0 = Debug|x86
		{32B7C5E7-E485-4655-82F5-0DEED09AA3A2}.Release|Any CPU.ActiveCfg = Release|x86
		{32B7C5E7-E485-4655-82F5-0DEED09AA3A2}.Release|x86.ActiveCfg = Release|x86
		{32B7C5E7-E485-4655-82F5-0DEED09AA3A2}.Release|x86.Build.0 = Release|x86
		{7534F871-A48C-4C05-9CD3-1AFC9308086F}.Debug|Any CPU.ActiveCfg = Debug|x86
		{7534F871-A48C-4C05-9CD3-1AFC9308086F}.Debug|x86.ActiveCfg = Debug|x86
		{7534F871-A48C-4C05-9CD3-1AFC9308086F}.Debug|x86.Build.0 = Debug|x86
		{7534F871-A48C-4C05-9CD3-1AFC9308086F}.Release|Any CPU.ActiveCfg = Release|x86
		{7534F871-A48C-4C05-9CD3-1AFC9308086F}.Release|x86.ActiveCfg = Release|x86
		{7534F871-A48C-4C05-9CD3-1AFC9308086F}.Release|x86.Build.0 = Release|x86
	EndGlobalSection
	GlobalSection(SolutionProperties) = preSolution
		HideSolutionNode = FALSE
	EndGlobalSection
	GlobalSection(NestedProjects) = preSolution
		{3A6FE7D4-4A88-4E28-A9E6-5CF8932BBBC1} = {5B6630E6-F1A2-4172-ACA6-ADF7DD1510F0}
		{5C76E511-CFDA-4B10-A68E-A69047F34451} = {5B6630E6-F1A2-4172-ACA6-ADF7DD1510F0}
		{59570EE3-FCC9-45CD-85DE-BD9FF81E8F0D} = {5B6630E6-F1A2-4172-ACA6-ADF7DD1510F0}
		{0819A499-E608-4F7E-A5D2-F1C3DDC0EF98} = {5B6630E6-F1A2-4172-ACA6-ADF7DD1510F0}
		{E4AAD556-C337-4DBF-A7FD-987D3636C82A} = {5B6630E6-F1A2-4172-ACA6-ADF7DD1510F0}
		{698893B1-BE61-45BD-BB4C-6193722B4592} = {5B6630E6-F1A2-4172-ACA6-ADF7DD1510F0}
		{D112A008-7B3A-4DB5-BA85-4A872F2B8782} = {5B6630E6-F1A2-4172-ACA6-ADF7DD1510F0}
		{8C63E00E-4795-4A2F-A74B-67E689E76FCD} = {5B6630E6-F1A2-4172-ACA6-ADF7DD1510F0}
		{386B61FC-C225-4556-B423-FFD5099F947F} = {5B6630E6-F1A2-4172-ACA6-ADF7DD1510F0}
		{D703929F-8C96-4B51-AF35-566A8007F28D} = {5B6630E6-F1A2-4172-ACA6-ADF7DD1510F0}
		{9DAFF695-90D1-40C0-B41C-CC79B87D239E} = {5B6630E6-F1A2-4172-ACA6-ADF7DD1510F0}
		{5263D1B7-F9AB-4B49-8D17-BD231A5F2F9F} = {5B6630E6-F1A2-4172-ACA6-ADF7DD1510F0}
		{A5A4AEC1-83B0-4478-9F8A-713F1B7B6814} = {5B6630E6-F1A2-4172-ACA6-ADF7DD1510F0}
		{49E57AD3-0AC9-4CDF-801C-2C09439FC508} = {5B6630E6-F1A2-4172-ACA6-ADF7DD1510F0}
		{4550B763-FAAD-4EF7-B272-6294592F50EB} = {5B6630E6-F1A2-4172-ACA6-ADF7DD1510F0}
		{3A468301-D3FA-43D7-800E-3625BFFA9887} = {5B6630E6-F1A2-4172-ACA6-ADF7DD1510F0}
		{237F0F0B-5AD2-42CF-B0CC-55850064F3A2} = {5B6630E6-F1A2-4172-ACA6-ADF7DD1510F0}
		{369EEF59-12AF-416C-9841-319E4723E9EE} = {5B6630E6-F1A2-4172-ACA6-ADF7DD1510F0}
		{AFDBB25E-4A11-411A-9A1F-D98BFCCC737C} = {5B6630E6-F1A2-4172-ACA6-ADF7DD1510F0}
		{C2C7A27A-0BED-4C76-9168-2C7160B2A0ED} = {5B6630E6-F1A2-4172-ACA6-ADF7DD1510F0}
		{32BD9AB8-B370-4777-BC6C-EE6993CFB057} = {5B6630E6-F1A2-4172-ACA6-ADF7DD1510F0}
		{A5CB8973-3364-4F45-9D4C-ADAEDA2997F3} = {5B6630E6-F1A2-4172-ACA6-ADF7DD1510F0}
		{5DDACA7B-4B78-4FEF-B4C0-A6344633A313} = {5B6630E6-F1A2-4172-ACA6-ADF7DD1510F0}
		{E160A30B-E1AF-4DF3-A263-A8B7FA65E83E} = {6E2848F4-83CA-4BC4-BA1C-4DDFD68C5E0B}
		{01C3A4C7-E247-47C8-87D5-AA80495AEFB4} = {5B6630E6-F1A2-4172-ACA6-ADF7DD1510F0}
		{4B3E9829-7E30-4912-8835-567B4556F1E6} = {5B6630E6-F1A2-4172-ACA6-ADF7DD1510F0}
		{022B3644-311E-4ADF-9CAC-5ED750FF0B55} = {5B6630E6-F1A2-4172-ACA6-ADF7DD1510F0}
		{73508125-A5FF-4158-8583-450FAE052684} = {5B6630E6-F1A2-4172-ACA6-ADF7DD1510F0}
		{9A636AA5-5B63-4B02-AE44-25CEC42F7494} = {17BF232B-7ACA-42DC-AAEE-FD40E1D2ECE5}
		{110C7104-C66D-461B-ADD6-C4E10A5EB844} = {5B6630E6-F1A2-4172-ACA6-ADF7DD1510F0}
		{FAAF20EA-E302-44C2-AE77-13D062BB60EB} = {5B6630E6-F1A2-4172-ACA6-ADF7DD1510F0}
		{D518CCE0-F7A0-47BE-807D-DAA4B490EC7E} = {5B6630E6-F1A2-4172-ACA6-ADF7DD1510F0}
		{96F239DA-EEE6-4B8E-92A1-C859DAF1E685} = {5B6630E6-F1A2-4172-ACA6-ADF7DD1510F0}
		{778359E0-3609-4D07-AC94-768C1C354B19} = {5B6630E6-F1A2-4172-ACA6-ADF7DD1510F0}
		{26D6ACDD-44DA-4D42-B6C3-09D10CA8B587} = {5B6630E6-F1A2-4172-ACA6-ADF7DD1510F0}
		{C36C34E6-5A7D-49EC-A253-8AF687974972} = {5B6630E6-F1A2-4172-ACA6-ADF7DD1510F0}
		{43A00855-E6DE-4811-B886-45FD18F6CA1C} = {5B6630E6-F1A2-4172-ACA6-ADF7DD1510F0}
		{96FE3767-3AD7-4829-B208-D48B37DEBCC1} = {E585E221-57B4-4EC6-8EA9-57BF483B6E3B}
		{06ED1EF9-ECF2-45CD-846C-20C76623BEF7} = {E585E221-57B4-4EC6-8EA9-57BF483B6E3B}
		{09D00C5C-10B9-4581-8800-348BD226F5A5} = {5B6630E6-F1A2-4172-ACA6-ADF7DD1510F0}
		{489A3762-7CAA-4310-8F7E-A89BB36DDB24} = {5B6630E6-F1A2-4172-ACA6-ADF7DD1510F0}
		{88B72345-5421-4980-9EDB-A820CB738000} = {5B6630E6-F1A2-4172-ACA6-ADF7DD1510F0}
		{FE3525F1-0873-4B5F-BC3B-1B53FF6E2677} = {318E4BEE-B124-4DB4-9351-4F15FB848CD5}
		{68475721-B892-4353-BDFD-9A0813FA3BD7} = {318E4BEE-B124-4DB4-9351-4F15FB848CD5}
		{255E3243-295C-403D-9ABC-42EBBFC281B0} = {318E4BEE-B124-4DB4-9351-4F15FB848CD5}
		{2EBEB65C-0833-4E4E-A411-717FF7E0F43B} = {5B6630E6-F1A2-4172-ACA6-ADF7DD1510F0}
		{B04D1FD4-2C6D-4A7D-85C8-C044DE0F2D46} = {98B89217-E93C-42ED-8523-457E7207AC17}
		{6AB45ED3-0085-452D-8285-85F1934A0D6B} = {98B89217-E93C-42ED-8523-457E7207AC17}
		{ACC7203C-708B-4C42-A102-8689E17EDCE7} = {9F6C45F5-C8D7-43E3-A321-B7A0CBC4E8D2}
		{B46FA15C-30ED-4BD7-BE8D-1F816CEB921C} = {9F6C45F5-C8D7-43E3-A321-B7A0CBC4E8D2}
		{24AA7BFB-2409-4410-867C-D48A87B3D75D} = {9F6C45F5-C8D7-43E3-A321-B7A0CBC4E8D2}
		{4D23B40C-3287-486D-9182-088DB377C900} = {9F6C45F5-C8D7-43E3-A321-B7A0CBC4E8D2}
		{140AAFEB-DE2A-4BA1-B809-343D54F13AC0} = {9F6C45F5-C8D7-43E3-A321-B7A0CBC4E8D2}
		{AADC2F9B-A398-47AE-BAE6-E880447622BE} = {9F6C45F5-C8D7-43E3-A321-B7A0CBC4E8D2}
		{A6BC6841-A3B7-4930-8933-F168F2BF19BD} = {9F6C45F5-C8D7-43E3-A321-B7A0CBC4E8D2}
		{EC1884ED-5C94-46CE-B681-0AC6D1271CD1} = {9F6C45F5-C8D7-43E3-A321-B7A0CBC4E8D2}
		{5D065DFF-9728-4E91-A96F-CA1CBFE7693D} = {9F6C45F5-C8D7-43E3-A321-B7A0CBC4E8D2}
		{73C788AB-A512-4C4F-BEE2-A13CCEB6C4EF} = {9F6C45F5-C8D7-43E3-A321-B7A0CBC4E8D2}
		{81C35BD2-C21F-4B52-B2AF-F97F36A4AA86} = {9F6C45F5-C8D7-43E3-A321-B7A0CBC4E8D2}
		{E9A1AB2A-2BF1-4463-9645-60A42C053886} = {9F6C45F5-C8D7-43E3-A321-B7A0CBC4E8D2}
		{6E90AE62-0BD8-44D0-85EA-709ABCF9659F} = {9F6C45F5-C8D7-43E3-A321-B7A0CBC4E8D2}
		{34AA92AB-CF6F-4141-B447-EBEFBCD8BF3E} = {9F6C45F5-C8D7-43E3-A321-B7A0CBC4E8D2}
		{528D9E7D-1ED7-4B32-B384-8995E48AA2A0} = {9F6C45F5-C8D7-43E3-A321-B7A0CBC4E8D2}
		{3AD99DCF-8EB6-4083-B0D3-AC440106885F} = {9F6C45F5-C8D7-43E3-A321-B7A0CBC4E8D2}
		{9609AFFC-EEB0-435D-8821-4EAE7C5C9BA8} = {9F6C45F5-C8D7-43E3-A321-B7A0CBC4E8D2}
		{14E41F3D-F049-4F3E-B816-A4C107A9B027} = {5B6630E6-F1A2-4172-ACA6-ADF7DD1510F0}
		{75FD51BE-377B-4731-9D95-BECB5397F49E} = {9F6C45F5-C8D7-43E3-A321-B7A0CBC4E8D2}
		{82A5F4DA-6235-4746-BB5F-703B90BCEDEC} = {9F6C45F5-C8D7-43E3-A321-B7A0CBC4E8D2}
		{EF503896-7A0A-4794-8C4B-39420C545EA6} = {9F6C45F5-C8D7-43E3-A321-B7A0CBC4E8D2}
		{491DC8BF-8A58-43CC-9C3D-C83194601D02} = {96EA054A-BB15-43CB-B839-329607708764}
		{4A60A2A7-4F38-4336-A425-12B7DA5468DC} = {5B6630E6-F1A2-4172-ACA6-ADF7DD1510F0}
		{ADDD1DBE-41E1-4441-AD9F-6503AECCDB91} = {6E2848F4-83CA-4BC4-BA1C-4DDFD68C5E0B}
		{B18021F5-C7AE-424F-8BD4-2AD24D4D067E} = {6E2848F4-83CA-4BC4-BA1C-4DDFD68C5E0B}
		{14E688AC-6ADB-4C3C-A735-41A8F2F6BB40} = {5B6630E6-F1A2-4172-ACA6-ADF7DD1510F0}
		{1C89CE24-6D7F-418A-B36D-BF9C834AB366} = {5B6630E6-F1A2-4172-ACA6-ADF7DD1510F0}
		{9CFD2A32-96B7-4A9A-82BA-B11B2D71A9F7} = {5B6630E6-F1A2-4172-ACA6-ADF7DD1510F0}
		{81184FD9-6C00-42FA-83F0-B32E3C720AAF} = {5B6630E6-F1A2-4172-ACA6-ADF7DD1510F0}
		{F85150F4-E280-4CF9-BC69-BC28E9E1B742} = {5B6630E6-F1A2-4172-ACA6-ADF7DD1510F0}
		{A37BC05D-B1E9-48E2-8FC4-5F36B36F4700} = {5B6630E6-F1A2-4172-ACA6-ADF7DD1510F0}
		{EFD24527-7DA2-4E4D-B9DD-DD0D37BC681E} = {5B6630E6-F1A2-4172-ACA6-ADF7DD1510F0}
		{6039F17C-E5B6-4CDE-BEF2-B1E21A3D7CFF} = {5B6630E6-F1A2-4172-ACA6-ADF7DD1510F0}
		{69DB95DC-ACBF-4167-9530-6D758312641A} = {9F6C45F5-C8D7-43E3-A321-B7A0CBC4E8D2}
		{2DAD203C-9C9B-43B4-A64C-CB18EB1CFBB7} = {5B6630E6-F1A2-4172-ACA6-ADF7DD1510F0}
		{281E0D1B-E11F-4909-B1BF-6829F032670A} = {5B6630E6-F1A2-4172-ACA6-ADF7DD1510F0}
		{11D23C90-3052-4607-80B0-51FF0BBEA887} = {9F6C45F5-C8D7-43E3-A321-B7A0CBC4E8D2}
		{32B7C5E7-E485-4655-82F5-0DEED09AA3A2} = {5B6630E6-F1A2-4172-ACA6-ADF7DD1510F0}
		{7534F871-A48C-4C05-9CD3-1AFC9308086F} = {5B6630E6-F1A2-4172-ACA6-ADF7DD1510F0}
	EndGlobalSection
	GlobalSection(ExtensibilityGlobals) = postSolution
		SolutionGuid = {0222CD68-0450-4733-8A72-82553BC0473F}
	EndGlobalSection
EndGlobal
